{
  "name": "template-test-hmi",
  "version": "0.0.25",
  "lockfileVersion": 3,
  "requires": true,
  "packages": {
    "": {
      "name": "template-test-hmi",
      "version": "0.0.25",
      "license": "ISC",
      "dependencies": {
        "@loupeteam/loupe-ux": "^2.0.1",
        "@loupeteam/tmplits": "file:../../src/HMI/",
        "@loupeteam/tmplits-button": "file:../../src/tmplits/tmplits-button/",
        "@loupeteam/tmplits-checkbox": "file:../../src/tmplits/tmplits-checkbox/",
        "@loupeteam/tmplits-columns": "file:../../src/tmplits/tmplits-columns/",
        "@loupeteam/tmplits-columnsbs": "file:../../src/tmplits/tmplits-columnsbs/",
        "@loupeteam/tmplits-directorybrowser": "file:../../src/tmplits/tmplits-directorybrowser/",
        "@loupeteam/tmplits-directorybrowserwindow": "file:../../src/tmplits/tmplits-directorybrowserwindow/",
        "@loupeteam/tmplits-dropdown": "file:../../src/tmplits/tmplits-dropdown/",
        "@loupeteam/tmplits-dropdowntable": "file:../../src/tmplits/tmplits-dropdowntable/",
        "@loupeteam/tmplits-globalclasses": "file:../../src/tmplits/tmplits-globalclasses/",
        "@loupeteam/tmplits-labeledlist": "file:../../src/tmplits/tmplits-labeledlist/",
        "@loupeteam/tmplits-led": "file:../../src/tmplits/tmplits-led/",
        "@loupeteam/tmplits-multiselect": "file:../../src/tmplits/tmplits-multiselect/",
        "@loupeteam/tmplits-numeric": "file:../../src/tmplits/tmplits-numeric/",
        "@loupeteam/tmplits-numgrid": "file:../../src/tmplits/tmplits-numgrid/",
        "@loupeteam/tmplits-page": "file:../../src/tmplits/tmplits-page/",
        "@loupeteam/tmplits-pageselect": "file:../../src/tmplits/tmplits-pageselect/",
        "@loupeteam/tmplits-robotscene": "file:../../src/tmplits/tmplits-robotscene/",
        "@loupeteam/tmplits-slider": "file:../../src/tmplits/tmplits-slider/",
        "@loupeteam/tmplits-tableselect": "file:../../src/tmplits/tmplits-tableselect/",
        "@loupeteam/tmplits-text": "file:../../src/tmplits/tmplits-text/",
        "@loupeteam/tmplits-utilities": "file:../../src/tmplits/tmplits-utilities/",
        "@loupeteam/tmplits-valueupdown": "file:../../src/tmplits/tmplits-valueupdown/",
        "app": "file:./app/",
        "bootstrap": "^3.3.4",
        "handlebars": "*",
        "jquery": "*",
        "openbridge-css": "^0.2.4",
        "openbridge-web-components": "^0.2.2",
        "three": "*"
      }
    },
    "../../src/HMI": {
      "name": "@loupeteam/tmplits",
      "version": "0.1.2",
      "license": "MIT",
      "dependencies": {
        "handlebars": "*",
        "jquery": "*"
      }
    },
    "../../src/tmplits/tmplits-button": {
      "name": "@loupeteam/tmplits-button",
      "version": "0.1.0",
      "license": "MIT",
      "dependencies": {
        "@loupeteam/tmplits-globalclasses": "*",
        "@loupeteam/tmplits-utilities": "*"
      }
    },
    "../../src/tmplits/tmplits-checkbox": {
      "name": "@loupeteam/tmplits-checkbox",
      "version": "0.1.0",
      "license": "MIT",
      "dependencies": {
        "@loupeteam/tmplits-globalclasses": "*",
        "@loupeteam/tmplits-utilities": "*"
      }
    },
    "../../src/tmplits/tmplits-columns": {
      "name": "@loupeteam/tmplits-columns",
      "version": "0.1.0",
      "license": "MIT",
      "dependencies": {
        "@loupeteam/tmplits-globalclasses": "*",
        "@loupeteam/tmplits-utilities": "*"
      }
    },
    "../../src/tmplits/tmplits-columnsbs": {
      "name": "@loupeteam/tmplits-columnsbs",
      "version": "0.1.0",
      "license": "MIT",
      "dependencies": {
        "@loupeteam/tmplits-globalclasses": "*",
        "@loupeteam/tmplits-utilities": "*"
      }
    },
    "../../src/tmplits/tmplits-directorybrowser": {
      "name": "@loupeteam/tmplits-directorybrowser",
      "version": "0.1.0",
      "license": "MIT",
      "dependencies": {
        "@loupeteam/tmplits-globalclasses": "*",
        "@loupeteam/tmplits-utilities": "*"
      }
    },
    "../../src/tmplits/tmplits-directorybrowserwindow": {
      "name": "@loupeteam/tmplits-directorybrowserwindow",
      "version": "0.1.0",
      "license": "MIT",
      "dependencies": {
        "@loupeteam/tmplits-globalclasses": "*",
        "@loupeteam/tmplits-utilities": "*"
      }
    },
    "../../src/tmplits/tmplits-dropdown": {
      "name": "@loupeteam/tmplits-dropdown",
      "version": "0.1.0",
      "license": "MIT",
      "dependencies": {
        "@loupeteam/tmplits-globalclasses": "*",
        "@loupeteam/tmplits-utilities": "*"
      }
    },
    "../../src/tmplits/tmplits-dropdowntable": {
      "name": "@loupeteam/tmplits-dropdowntable",
      "version": "0.1.0",
      "license": "MIT",
      "dependencies": {
        "@loupeteam/tmplits-globalclasses": "*",
        "@loupeteam/tmplits-utilities": "*"
      }
    },
    "../../src/tmplits/tmplits-globalclasses": {
      "name": "@loupeteam/tmplits-globalclasses",
      "version": "0.1.1",
      "license": "MIT",
      "dependencies": {
        "@loupeteam/loupe-ux": "^2.0.1"
      }
    },
    "../../src/tmplits/tmplits-labeledlist": {
      "name": "@loupeteam/tmplits-labeledlist",
      "version": "0.1.0",
      "license": "MIT",
      "dependencies": {
        "@loupeteam/tmplits-globalclasses": "*",
        "@loupeteam/tmplits-utilities": "*"
      }
    },
    "../../src/tmplits/tmplits-led": {
      "name": "@loupeteam/tmplits-led",
      "version": "0.1.0",
      "license": "MIT",
      "dependencies": {
        "@loupeteam/tmplits-globalclasses": "*",
        "@loupeteam/tmplits-utilities": "*"
      }
    },
    "../../src/tmplits/tmplits-multiselect": {
      "name": "@loupeteam/tmplits-multiselect",
      "version": "0.1.0",
      "license": "MIT",
      "dependencies": {
        "@loupeteam/tmplits-globalclasses": "*",
        "@loupeteam/tmplits-utilities": "*"
      }
    },
    "../../src/tmplits/tmplits-numeric": {
      "name": "@loupeteam/tmplits-numeric",
      "version": "0.1.0",
      "license": "MIT",
      "dependencies": {
        "@loupeteam/tmplits-globalclasses": "*",
        "@loupeteam/tmplits-utilities": "*"
      }
    },
    "../../src/tmplits/tmplits-numgrid": {
      "name": "@loupeteam/tmplits-numgrid",
      "version": "0.1.0",
      "license": "MIT",
      "dependencies": {
        "@loupeteam/tmplits-globalclasses": "*",
        "@loupeteam/tmplits-utilities": "*"
      }
    },
    "../../src/tmplits/tmplits-page": {
      "name": "@loupeteam/tmplits-page",
      "version": "0.1.0",
      "license": "MIT",
      "dependencies": {
        "@loupeteam/tmplits-globalclasses": "*",
        "@loupeteam/tmplits-utilities": "*"
      }
    },
    "../../src/tmplits/tmplits-pageselect": {
      "name": "@loupeteam/tmplits-pageselect",
      "version": "0.1.0",
      "license": "MIT",
      "dependencies": {
        "@loupeteam/tmplits-globalclasses": "*",
        "@loupeteam/tmplits-utilities": "*"
      }
    },
    "../../src/tmplits/tmplits-robotscene": {
      "name": "@loupeteam/tmplits-robotscene",
      "version": "0.1.0",
      "license": "ISC",
      "dependencies": {
        "@loupeteam/tmplits-globalclasses": "*",
        "@loupeteam/tmplits-utilities": "*"
      }
    },
    "../../src/tmplits/tmplits-slider": {
      "name": "@loupeteam/tmplits-slider",
      "version": "0.1.0",
      "license": "MIT",
      "dependencies": {
        "@loupeteam/tmplits-globalclasses": "*",
        "@loupeteam/tmplits-utilities": "*"
      }
    },
    "../../src/tmplits/tmplits-tableselect": {
      "name": "@loupeteam/tmplits-tableselect",
      "version": "0.1.0",
      "license": "MIT",
      "dependencies": {
        "@loupeteam/tmplits-globalclasses": "*",
        "@loupeteam/tmplits-utilities": "*"
      }
    },
    "../../src/tmplits/tmplits-text": {
      "name": "@loupeteam/tmplits-text",
      "version": "0.1.0",
      "license": "MIT",
      "dependencies": {
        "@loupeteam/tmplits-globalclasses": "*",
        "@loupeteam/tmplits-utilities": "*"
      }
    },
    "../../src/tmplits/tmplits-utilities": {
      "name": "@loupeteam/tmplits-utilities",
      "version": "0.1.0",
      "license": "MIT"
    },
    "../../src/tmplits/tmplits-valueupdown": {
      "name": "@loupeteam/tmplits-valueupdown",
      "version": "0.1.0",
      "license": "MIT",
      "dependencies": {
        "@loupeteam/tmplits-globalclasses": "*",
        "@loupeteam/tmplits-utilities": "*"
      }
    },
    "app": {
      "version": "1.0.0",
      "license": "MIT"
    },
    "node_modules/@loupeteam/loupe-ux": {
      "version": "2.0.1",
      "resolved": "https://npm.pkg.github.com/download/@loupeteam/loupe-ux/2.0.1/0cdb64671c7c3317e62b28a87fc058589ae2f615",
      "integrity": "sha512-4cM9q6LsfXVqJyqxf0e1nIQdUmyiDRPL7mUdetpHkinfRrnQCRwDxvs4ftvJDAxP2zATAw+fvzSJAPCyP9E0Ow==",
      "license": "SEE LICENSE IN LICENSE.txt"
    },
    "node_modules/@loupeteam/tmplits": {
      "resolved": "../../src/HMI",
      "link": true
    },
    "node_modules/@loupeteam/tmplits-button": {
      "resolved": "../../src/tmplits/tmplits-button",
      "link": true
    },
    "node_modules/@loupeteam/tmplits-checkbox": {
      "resolved": "../../src/tmplits/tmplits-checkbox",
      "link": true
    },
    "node_modules/@loupeteam/tmplits-columns": {
      "resolved": "../../src/tmplits/tmplits-columns",
      "link": true
    },
    "node_modules/@loupeteam/tmplits-columnsbs": {
      "resolved": "../../src/tmplits/tmplits-columnsbs",
      "link": true
    },
    "node_modules/@loupeteam/tmplits-directorybrowser": {
      "resolved": "../../src/tmplits/tmplits-directorybrowser",
      "link": true
    },
    "node_modules/@loupeteam/tmplits-directorybrowserwindow": {
      "resolved": "../../src/tmplits/tmplits-directorybrowserwindow",
      "link": true
    },
    "node_modules/@loupeteam/tmplits-dropdown": {
      "resolved": "../../src/tmplits/tmplits-dropdown",
      "link": true
    },
    "node_modules/@loupeteam/tmplits-dropdowntable": {
      "resolved": "../../src/tmplits/tmplits-dropdowntable",
      "link": true
    },
    "node_modules/@loupeteam/tmplits-globalclasses": {
      "resolved": "../../src/tmplits/tmplits-globalclasses",
      "link": true
    },
    "node_modules/@loupeteam/tmplits-labeledlist": {
      "resolved": "../../src/tmplits/tmplits-labeledlist",
      "link": true
    },
    "node_modules/@loupeteam/tmplits-led": {
      "resolved": "../../src/tmplits/tmplits-led",
      "link": true
    },
    "node_modules/@loupeteam/tmplits-multiselect": {
      "resolved": "../../src/tmplits/tmplits-multiselect",
      "link": true
    },
    "node_modules/@loupeteam/tmplits-numeric": {
      "resolved": "../../src/tmplits/tmplits-numeric",
      "link": true
    },
    "node_modules/@loupeteam/tmplits-numgrid": {
      "resolved": "../../src/tmplits/tmplits-numgrid",
      "link": true
    },
    "node_modules/@loupeteam/tmplits-page": {
      "resolved": "../../src/tmplits/tmplits-page",
      "link": true
    },
    "node_modules/@loupeteam/tmplits-pageselect": {
      "resolved": "../../src/tmplits/tmplits-pageselect",
      "link": true
    },
    "node_modules/@loupeteam/tmplits-robotscene": {
      "resolved": "../../src/tmplits/tmplits-robotscene",
      "link": true
    },
    "node_modules/@loupeteam/tmplits-slider": {
      "resolved": "../../src/tmplits/tmplits-slider",
      "link": true
    },
    "node_modules/@loupeteam/tmplits-tableselect": {
      "resolved": "../../src/tmplits/tmplits-tableselect",
      "link": true
    },
    "node_modules/@loupeteam/tmplits-text": {
      "resolved": "../../src/tmplits/tmplits-text",
      "link": true
    },
    "node_modules/@loupeteam/tmplits-utilities": {
      "resolved": "../../src/tmplits/tmplits-utilities",
      "link": true
    },
    "node_modules/@loupeteam/tmplits-valueupdown": {
      "resolved": "../../src/tmplits/tmplits-valueupdown",
      "link": true
    },
    "node_modules/app": {
      "resolved": "app",
      "link": true
    },
    "node_modules/bootstrap": {
      "version": "3.4.1",
      "license": "MIT",
      "engines": {
        "node": ">=6"
      }
    },
    "node_modules/handlebars": {
      "version": "4.7.8",
      "license": "MIT",
      "dependencies": {
        "minimist": "^1.2.5",
        "neo-async": "^2.6.2",
        "source-map": "^0.6.1",
        "wordwrap": "^1.0.0"
      },
      "bin": {
        "handlebars": "bin/handlebars"
      },
      "engines": {
        "node": ">=0.4.7"
      },
      "optionalDependencies": {
        "uglify-js": "^3.1.4"
      }
    },
    "node_modules/jquery": {
      "version": "3.7.1",
      "resolved": "https://registry.npmjs.org/jquery/-/jquery-3.7.1.tgz",
      "integrity": "sha512-m4avr8yL8kmFN8psrbFFFmB/If14iN5o9nw/NgnnM+kybDJpRsAynV2BsfpTYrTRysYUdADVD7CkUUizgkpLfg=="
    },
    "node_modules/minimist": {
      "version": "1.2.8",
      "license": "MIT",
      "funding": {
        "url": "https://github.com/sponsors/ljharb"
      }
    },
    "node_modules/neo-async": {
      "version": "2.6.2",
      "resolved": "https://registry.npmjs.org/neo-async/-/neo-async-2.6.2.tgz",
      "integrity": "sha512-Yd3UES5mWCSqR+qNT93S3UoYUkqAZ9lLg8a7g9rimsWmYGK8cVToA4/sF3RrshdyV3sAGMXVUmpMYOw+dLpOuw=="
    },
    "node_modules/openbridge-css": {
      "version": "0.2.4",
      "resolved": "https://registry.npmjs.org/openbridge-css/-/openbridge-css-0.2.4.tgz",
      "integrity": "sha512-WdJMk2+ZLg3H5ZooQ8Hfi2miBSUzMOcT2YnjhIGvJiTCRparZTO1Ch/X0JVGWQiiLsUmr5Pv8gYCglGf2KwJ+Q=="
    },
    "node_modules/openbridge-web-components": {
      "version": "0.2.2",
      "resolved": "https://registry.npmjs.org/openbridge-web-components/-/openbridge-web-components-0.2.2.tgz",
      "integrity": "sha512-crYV7l8j32dfq/FIYtP/TqcmQn57GDW8o/J2LB7ZBwrVy04+77IY0JhoJErTfm+sJgQam6X42A1CTyqCdhks6g==",
      "peerDependencies": {
        "openbridge-css": "^0.2.1"
      }
    },
    "node_modules/openbridge-css": {
      "version": "0.2.4",
      "resolved": "https://registry.npmjs.org/openbridge-css/-/openbridge-css-0.2.4.tgz",
      "integrity": "sha512-WdJMk2+ZLg3H5ZooQ8Hfi2miBSUzMOcT2YnjhIGvJiTCRparZTO1Ch/X0JVGWQiiLsUmr5Pv8gYCglGf2KwJ+Q=="
    },
    "node_modules/openbridge-web-components": {
      "version": "0.2.2",
      "resolved": "https://registry.npmjs.org/openbridge-web-components/-/openbridge-web-components-0.2.2.tgz",
      "integrity": "sha512-crYV7l8j32dfq/FIYtP/TqcmQn57GDW8o/J2LB7ZBwrVy04+77IY0JhoJErTfm+sJgQam6X42A1CTyqCdhks6g==",
      "peerDependencies": {
        "openbridge-css": "^0.2.1"
      }
    },
    "node_modules/source-map": {
      "version": "0.6.1",
      "license": "BSD-3-Clause",
      "engines": {
        "node": ">=0.10.0"
      }
    },
    "node_modules/three": {
      "version": "0.159.0",
      "resolved": "https://registry.npmjs.org/three/-/three-0.159.0.tgz",
      "integrity": "sha512-eCmhlLGbBgucuo4VEA9IO3Qpc7dh8Bd4VKzr7WfW4+8hMcIfoAVi1ev0pJYN9PTTsCslbcKgBwr2wNZ1EvLInA=="
    },
    "node_modules/uglify-js": {
      "version": "3.17.4",
      "license": "BSD-2-Clause",
      "optional": true,
      "bin": {
        "uglifyjs": "bin/uglifyjs"
      },
      "engines": {
        "node": ">=0.8.0"
      }
    },
    "node_modules/wordwrap": {
      "version": "1.0.0",
      "resolved": "https://registry.npmjs.org/wordwrap/-/wordwrap-1.0.0.tgz",
      "integrity": "sha512-gvVzJFlPycKc5dZN4yPkP8w7Dc37BtP1yczEneOb4uq34pXZcvrtRTmWV8W+Ume+XCxKgbjM+nevkyFPMybd4Q=="
    },
    "public": {
      "extraneous": true
    }
  },
  "dependencies": {
    "@loupeteam/loupe-ux": {
      "version": "2.0.0",
      "resolved": "https://npm.pkg.github.com/download/@loupeteam/loupe-ux/2.0.0/0463d50085543003707444e9cbcb27a72007eb45",
      "integrity": "sha512-smLd9DaEm4VuqXtpE6aLya+ohwSQffgYZ9X1GBBz8wk6R10b8itmyGTAoEatPOS/pkaF0x9NQzQM++EUGYgZNA=="
    },
    "@loupeteam/tmplits": {
      "version": "0.0.9",
      "requires": {
        "handlebars": "*",
        "jquery": "*"
      }
    },
    "@loupeteam/tmplits-button": {
      "version": "0.0.3",
      "requires": {
        "@loupeteam/tmplits-globalclasses": "*",
        "@loupeteam/tmplits-utilities": "*"
      }
    },
    "@loupeteam/tmplits-checkbox": {
      "version": "0.0.3",
      "requires": {
        "@loupeteam/tmplits-globalclasses": "*",
        "@loupeteam/tmplits-utilities": "*"
      }
    },
    "@loupeteam/tmplits-columns": {
      "version": "0.0.4",
      "requires": {
        "@loupeteam/tmplits-globalclasses": "*",
        "@loupeteam/tmplits-utilities": "*"
      }
    },
    "@loupeteam/tmplits-columnsbs": {
      "version": "0.0.2",
      "requires": {
        "@loupeteam/tmplits-globalclasses": "*",
        "@loupeteam/tmplits-utilities": "*"
      }
    },
    "@loupeteam/tmplits-directorybrowser": {
      "version": "0.0.3",
      "requires": {
        "@loupeteam/tmplits-globalclasses": "*",
        "@loupeteam/tmplits-utilities": "*"
      }
    },
    "@loupeteam/tmplits-directorybrowserwindow": {
      "version": "0.0.3",
      "requires": {
        "@loupeteam/tmplits-globalclasses": "*",
        "@loupeteam/tmplits-utilities": "*"
      }
    },
    "@loupeteam/tmplits-dropdown": {
      "version": "0.0.3",
      "requires": {
        "@loupeteam/tmplits-globalclasses": "*",
        "@loupeteam/tmplits-utilities": "*"
      }
    },
    "@loupeteam/tmplits-dropdowntable": {
      "version": "0.0.3",
      "requires": {
        "@loupeteam/tmplits-globalclasses": "*",
        "@loupeteam/tmplits-utilities": "*"
      }
    },
    "@loupeteam/tmplits-globalclasses": {
      "version": "0.0.4"
    },
    "@loupeteam/tmplits-labeledlist": {
      "version": "0.0.2",
      "requires": {
        "@loupeteam/tmplits-globalclasses": "*",
        "@loupeteam/tmplits-utilities": "*"
      }
    },
    "@loupeteam/tmplits-led": {
      "version": "0.0.2",
      "requires": {
        "@loupeteam/tmplits-globalclasses": "*",
        "@loupeteam/tmplits-utilities": "*"
      }
    },
    "@loupeteam/tmplits-multiselect": {
      "version": "0.0.2",
      "requires": {
        "@loupeteam/tmplits-globalclasses": "*",
        "@loupeteam/tmplits-utilities": "*"
      }
    },
    "@loupeteam/tmplits-numeric": {
      "version": "0.0.4",
      "requires": {
        "@loupeteam/tmplits-globalclasses": "*",
        "@loupeteam/tmplits-utilities": "*"
      }
    },
    "@loupeteam/tmplits-numgrid": {
      "version": "0.0.2",
      "requires": {
        "@loupeteam/tmplits-globalclasses": "*",
        "@loupeteam/tmplits-utilities": "*"
      }
    },
    "@loupeteam/tmplits-page": {
      "version": "0.0.2",
      "requires": {
        "@loupeteam/tmplits-globalclasses": "*",
        "@loupeteam/tmplits-utilities": "*"
      }
    },
    "@loupeteam/tmplits-pageselect": {
      "version": "0.0.3",
      "requires": {
        "@loupeteam/tmplits-globalclasses": "*",
        "@loupeteam/tmplits-utilities": "*"
      }
    },
    "@loupeteam/tmplits-robotscene": {
      "version": "file:../../src/tmplits/tmplits-robotscene",
      "requires": {
        "@loupeteam/tmplits-globalclasses": "*",
        "@loupeteam/tmplits-utilities": "*"
      }
    },
    "@loupeteam/tmplits-slider": {
      "version": "0.0.2",
      "requires": {
        "@loupeteam/tmplits-globalclasses": "*",
        "@loupeteam/tmplits-utilities": "*"
      }
    },
    "@loupeteam/tmplits-tableselect": {
      "version": "0.0.2",
      "requires": {
        "@loupeteam/tmplits-globalclasses": "*",
        "@loupeteam/tmplits-utilities": "*"
      }
    },
    "@loupeteam/tmplits-text": {
      "version": "0.0.3",
      "requires": {
        "@loupeteam/tmplits-globalclasses": "*",
        "@loupeteam/tmplits-utilities": "*"
      }
    },
    "@loupeteam/tmplits-utilities": {
      "version": "0.0.3"
    },
    "@loupeteam/tmplits-valueupdown": {
      "version": "0.0.2",
      "requires": {
        "@loupeteam/tmplits-globalclasses": "*",
        "@loupeteam/tmplits-utilities": "*"
      }
    },
    "app": {
      "version": "file:",
      "requires": {
        "@loupeteam/tmplits": "file:../../src/HMI",
        "@loupeteam/tmplits-button": "file:../../src/tmplits/tmplits-button",
        "@loupeteam/tmplits-checkbox": "file:../../src/tmplits/tmplits-checkbox",
        "@loupeteam/tmplits-columns": "file:../../src/tmplits/tmplits-columns",
        "@loupeteam/tmplits-columnsbs": "file:../../src/tmplits/tmplits-columnsbs",
        "@loupeteam/tmplits-directorybrowser": "file:../../src/tmplits/tmplits-directorybrowser",
        "@loupeteam/tmplits-directorybrowserwindow": "file:../../src/tmplits/tmplits-directorybrowserwindow",
        "@loupeteam/tmplits-dropdown": "file:../../src/tmplits/tmplits-dropdown",
        "@loupeteam/tmplits-dropdowntable": "file:../../src/tmplits/tmplits-dropdowntable",
        "@loupeteam/tmplits-globalclasses": "file:../../src/tmplits/tmplits-globalclasses",
        "@loupeteam/tmplits-labeledlist": "file:../../src/tmplits/tmplits-labeledlist",
        "@loupeteam/tmplits-led": "file:../../src/tmplits/tmplits-led",
        "@loupeteam/tmplits-multiselect": "file:../../src/tmplits/tmplits-multiselect",
        "@loupeteam/tmplits-numeric": "file:../../src/tmplits/tmplits-numeric",
        "@loupeteam/tmplits-numgrid": "file:../../src/tmplits/tmplits-numgrid",
        "@loupeteam/tmplits-page": "file:../../src/tmplits/tmplits-page",
        "@loupeteam/tmplits-pageselect": "file:../../src/tmplits/tmplits-pageselect",
        "@loupeteam/tmplits-slider": "file:../../src/tmplits/tmplits-slider",
        "@loupeteam/tmplits-tableselect": "file:../../src/tmplits/tmplits-tableselect",
        "@loupeteam/tmplits-text": "file:../../src/tmplits/tmplits-text",
        "@loupeteam/tmplits-utilities": "file:../../src/tmplits/tmplits-utilities",
        "@loupeteam/tmplits-valueupdown": "file:../../src/tmplits/tmplits-valueupdown",
        "@loupeteam/webhmi": "*",
        "app": "file:",
        "bootstrap": "^3.3.4",
        "handlebars": "*",
        "jquery": "*"
      },
      "dependencies": {
        "@loupeteam/tmplits": {
          "version": "file:../../src/HMI",
          "requires": {
            "handlebars": "*",
            "jquery": "*"
          }
        },
        "@loupeteam/tmplits-button": {
          "version": "file:../../src/tmplits/tmplits-button",
          "requires": {
            "@loupeteam/tmplits-globalclasses": "*",
            "@loupeteam/tmplits-utilities": "*"
          }
        },
        "@loupeteam/tmplits-checkbox": {
          "version": "file:../../src/tmplits/tmplits-checkbox",
          "requires": {
            "@loupeteam/tmplits-globalclasses": "*",
            "@loupeteam/tmplits-utilities": "*"
          }
        },
        "@loupeteam/tmplits-columns": {
          "version": "file:../../src/tmplits/tmplits-columns",
          "requires": {
            "@loupeteam/tmplits-globalclasses": "*",
            "@loupeteam/tmplits-utilities": "*"
          }
        },
        "@loupeteam/tmplits-columnsbs": {
          "version": "file:../../src/tmplits/tmplits-columnsbs",
          "requires": {
            "@loupeteam/tmplits-globalclasses": "*",
            "@loupeteam/tmplits-utilities": "*"
          }
        },
        "@loupeteam/tmplits-directorybrowser": {
          "version": "file:../../src/tmplits/tmplits-directorybrowser",
          "requires": {
            "@loupeteam/tmplits-globalclasses": "*",
            "@loupeteam/tmplits-utilities": "*"
          }
        },
        "@loupeteam/tmplits-directorybrowserwindow": {
          "version": "file:../../src/tmplits/tmplits-directorybrowserwindow",
          "requires": {
            "@loupeteam/tmplits-globalclasses": "*",
            "@loupeteam/tmplits-utilities": "*"
          }
        },
        "@loupeteam/tmplits-dropdown": {
          "version": "file:../../src/tmplits/tmplits-dropdown",
          "requires": {
            "@loupeteam/tmplits-globalclasses": "*",
            "@loupeteam/tmplits-utilities": "*"
          }
        },
        "@loupeteam/tmplits-dropdowntable": {
          "version": "file:../../src/tmplits/tmplits-dropdowntable",
          "requires": {
            "@loupeteam/tmplits-globalclasses": "*",
            "@loupeteam/tmplits-utilities": "*"
          }
        },
        "@loupeteam/tmplits-globalclasses": {
          "version": "file:../../src/tmplits/tmplits-globalclasses"
        },
        "@loupeteam/tmplits-labeledlist": {
          "version": "file:../../src/tmplits/tmplits-labeledlist",
          "requires": {
            "@loupeteam/tmplits-globalclasses": "*",
            "@loupeteam/tmplits-utilities": "*"
          }
        },
        "@loupeteam/tmplits-led": {
          "version": "file:../../src/tmplits/tmplits-led",
          "requires": {
            "@loupeteam/tmplits-globalclasses": "*",
            "@loupeteam/tmplits-utilities": "*"
          }
        },
        "@loupeteam/tmplits-multiselect": {
          "version": "file:../../src/tmplits/tmplits-multiselect",
          "requires": {
            "@loupeteam/tmplits-globalclasses": "*",
            "@loupeteam/tmplits-utilities": "*"
          }
        },
        "@loupeteam/tmplits-numeric": {
          "version": "file:../../src/tmplits/tmplits-numeric",
          "requires": {
            "@loupeteam/tmplits-globalclasses": "*",
            "@loupeteam/tmplits-utilities": "*"
          }
        },
        "@loupeteam/tmplits-numgrid": {
          "version": "file:../../src/tmplits/tmplits-numgrid",
          "requires": {
            "@loupeteam/tmplits-globalclasses": "*",
            "@loupeteam/tmplits-utilities": "*"
          }
        },
        "@loupeteam/tmplits-page": {
          "version": "file:../../src/tmplits/tmplits-page",
          "requires": {
            "@loupeteam/tmplits-globalclasses": "*",
            "@loupeteam/tmplits-utilities": "*"
          }
        },
        "@loupeteam/tmplits-pageselect": {
          "version": "file:../../src/tmplits/tmplits-pageselect",
          "requires": {
            "@loupeteam/tmplits-globalclasses": "*",
            "@loupeteam/tmplits-utilities": "*"
          }
        },
        "@loupeteam/tmplits-slider": {
          "version": "file:../../src/tmplits/tmplits-slider",
          "requires": {
            "@loupeteam/tmplits-globalclasses": "*",
            "@loupeteam/tmplits-utilities": "*"
          }
        },
        "@loupeteam/tmplits-tableselect": {
          "version": "file:../../src/tmplits/tmplits-tableselect",
          "requires": {
            "@loupeteam/tmplits-globalclasses": "*",
            "@loupeteam/tmplits-utilities": "*"
          }
        },
        "@loupeteam/tmplits-text": {
          "version": "file:../../src/tmplits/tmplits-text",
          "requires": {
            "@loupeteam/tmplits-globalclasses": "*",
            "@loupeteam/tmplits-utilities": "*"
          }
        },
        "@loupeteam/tmplits-utilities": {
          "version": "file:../../src/tmplits/tmplits-utilities"
        },
        "@loupeteam/tmplits-valueupdown": {
          "version": "file:../../src/tmplits/tmplits-valueupdown",
          "requires": {
            "@loupeteam/tmplits-globalclasses": "*",
            "@loupeteam/tmplits-utilities": "*"
          }
        },
        "@loupeteam/webhmi": {
          "version": "1.5.1",
          "resolved": "https://npm.pkg.github.com/download/@loupeteam/webhmi/1.5.1/6dcb40bfbc705cd90b0d927f2af41dd644fa7dd4",
          "integrity": "sha512-5XvFPc4lcjXyXyq38CKFPxddtOxHC6sxhRPiP5a3cwlMchv0XVEttZ7LugWWhZRUCfHkH18fa3XNX+kW9oXRuQ=="
        },
        "bootstrap": {
          "version": "3.4.1",
          "resolved": "https://registry.npmjs.org/bootstrap/-/bootstrap-3.4.1.tgz",
          "integrity": "sha512-yN5oZVmRCwe5aKwzRj6736nSmKDX7pLYwsXiCj/EYmo16hODaBiT4En5btW/jhBF/seV+XMx3aYwukYC3A49DA=="
        },
        "handlebars": {
          "version": "4.7.8",
          "resolved": "https://registry.npmjs.org/handlebars/-/handlebars-4.7.8.tgz",
          "integrity": "sha512-vafaFqs8MZkRrSX7sFVUdo3ap/eNiLnb4IakshzvP56X5Nr1iGKAIqdX6tMlm6HcNRIkr6AxO5jFEoJzzpT8aQ==",
          "requires": {
            "minimist": "^1.2.5",
            "neo-async": "^2.6.2",
            "source-map": "^0.6.1",
            "uglify-js": "^3.1.4",
            "wordwrap": "^1.0.0"
          }
        },
        "jquery": {
          "version": "3.7.0",
          "resolved": "https://registry.npmjs.org/jquery/-/jquery-3.7.0.tgz",
          "integrity": "sha512-umpJ0/k8X0MvD1ds0P9SfowREz2LenHsQaxSohMZ5OMNEU2r0tf8pdeEFTHMFxWVxKNyU9rTtK3CWzUCTKJUeQ=="
        },
        "minimist": {
          "version": "1.2.8",
          "resolved": "https://registry.npmjs.org/minimist/-/minimist-1.2.8.tgz",
          "integrity": "sha512-2yyAR8qBkN3YuheJanUpWC5U3bb5osDywNB8RzDVlDwDHbocAJveqqj1u8+SVD7jkWT4yvsHCpWqqWqAxb0zCA=="
        },
        "neo-async": {
          "version": "2.6.2",
          "resolved": "https://registry.npmjs.org/neo-async/-/neo-async-2.6.2.tgz",
          "integrity": "sha512-Yd3UES5mWCSqR+qNT93S3UoYUkqAZ9lLg8a7g9rimsWmYGK8cVToA4/sF3RrshdyV3sAGMXVUmpMYOw+dLpOuw=="
        },
        "source-map": {
          "version": "0.6.1",
          "resolved": "https://registry.npmjs.org/source-map/-/source-map-0.6.1.tgz",
          "integrity": "sha512-UjgapumWlbMhkBgzT7Ykc5YXUT46F0iKu8SGXq0bcwP5dz/h0Plj6enJqjz1Zbq2l5WaqYnrVbwWOWMyF3F47g=="
        },
        "uglify-js": {
          "version": "3.17.4",
          "resolved": "https://registry.npmjs.org/uglify-js/-/uglify-js-3.17.4.tgz",
          "integrity": "sha512-T9q82TJI9e/C1TAxYvfb16xO120tMVFZrGA3f9/P4424DNu6ypK103y0GPFVa17yotwSyZW5iYXgjYHkGrJW/g==",
          "optional": true
        },
        "wordwrap": {
          "version": "1.0.0",
          "resolved": "https://registry.npmjs.org/wordwrap/-/wordwrap-1.0.0.tgz",
          "integrity": "sha512-gvVzJFlPycKc5dZN4yPkP8w7Dc37BtP1yczEneOb4uq34pXZcvrtRTmWV8W+Ume+XCxKgbjM+nevkyFPMybd4Q=="
        }
      }
      "version": "1.0.0"
      "version": "file:",
      "requires": {
        "@loupeteam/tmplits": "file:../../src/HMI",
        "@loupeteam/tmplits-button": "file:../../src/tmplits/tmplits-button",
        "@loupeteam/tmplits-checkbox": "file:../../src/tmplits/tmplits-checkbox",
        "@loupeteam/tmplits-columns": "file:../../src/tmplits/tmplits-columns",
        "@loupeteam/tmplits-columnsbs": "file:../../src/tmplits/tmplits-columnsbs",
        "@loupeteam/tmplits-directorybrowser": "file:../../src/tmplits/tmplits-directorybrowser",
        "@loupeteam/tmplits-directorybrowserwindow": "file:../../src/tmplits/tmplits-directorybrowserwindow",
        "@loupeteam/tmplits-dropdown": "file:../../src/tmplits/tmplits-dropdown",
        "@loupeteam/tmplits-dropdowntable": "file:../../src/tmplits/tmplits-dropdowntable",
        "@loupeteam/tmplits-globalclasses": "file:../../src/tmplits/tmplits-globalclasses",
        "@loupeteam/tmplits-labeledlist": "file:../../src/tmplits/tmplits-labeledlist",
        "@loupeteam/tmplits-led": "file:../../src/tmplits/tmplits-led",
        "@loupeteam/tmplits-multiselect": "file:../../src/tmplits/tmplits-multiselect",
        "@loupeteam/tmplits-numeric": "file:../../src/tmplits/tmplits-numeric",
        "@loupeteam/tmplits-numgrid": "file:../../src/tmplits/tmplits-numgrid",
        "@loupeteam/tmplits-page": "file:../../src/tmplits/tmplits-page",
        "@loupeteam/tmplits-pageselect": "file:../../src/tmplits/tmplits-pageselect",
        "@loupeteam/tmplits-robotscene": "file:../../src/tmplits/tmplits-robotscene",
        "@loupeteam/tmplits-slider": "file:../../src/tmplits/tmplits-slider",
        "@loupeteam/tmplits-tableselect": "file:../../src/tmplits/tmplits-tableselect",
        "@loupeteam/tmplits-text": "file:../../src/tmplits/tmplits-text",
        "@loupeteam/tmplits-utilities": "file:../../src/tmplits/tmplits-utilities",
        "@loupeteam/tmplits-valueupdown": "file:../../src/tmplits/tmplits-valueupdown",
        "@loupeteam/webhmi": "*",
        "app": "file:",
        "bootstrap": "^3.3.4",
        "handlebars": "*",
        "jquery": "*",
        "three": "^0.145.0"
      },
      "dependencies": {
        "@loupeteam/tmplits": {
          "version": "file:../../src/HMI",
          "requires": {
            "handlebars": "*",
            "jquery": "*"
          }
        },
        "@loupeteam/tmplits-button": {
          "version": "file:../../src/tmplits/tmplits-button",
          "requires": {
            "@loupeteam/tmplits-globalclasses": "*",
            "@loupeteam/tmplits-utilities": "*"
          }
        },
        "@loupeteam/tmplits-checkbox": {
          "version": "file:../../src/tmplits/tmplits-checkbox",
          "requires": {
            "@loupeteam/tmplits-globalclasses": "*",
            "@loupeteam/tmplits-utilities": "*"
          }
        },
        "@loupeteam/tmplits-columns": {
          "version": "file:../../src/tmplits/tmplits-columns",
          "requires": {
            "@loupeteam/tmplits-globalclasses": "*",
            "@loupeteam/tmplits-utilities": "*"
          }
        },
        "@loupeteam/tmplits-columnsbs": {
          "version": "file:../../src/tmplits/tmplits-columnsbs",
          "requires": {
            "@loupeteam/tmplits-globalclasses": "*",
            "@loupeteam/tmplits-utilities": "*"
          }
        },
        "@loupeteam/tmplits-directorybrowser": {
          "version": "file:../../src/tmplits/tmplits-directorybrowser",
          "requires": {
            "@loupeteam/tmplits-globalclasses": "*",
            "@loupeteam/tmplits-utilities": "*"
          }
        },
        "@loupeteam/tmplits-directorybrowserwindow": {
          "version": "file:../../src/tmplits/tmplits-directorybrowserwindow",
          "requires": {
            "@loupeteam/tmplits-globalclasses": "*",
            "@loupeteam/tmplits-utilities": "*"
          }
        },
        "@loupeteam/tmplits-dropdown": {
          "version": "file:../../src/tmplits/tmplits-dropdown",
          "requires": {
            "@loupeteam/tmplits-globalclasses": "*",
            "@loupeteam/tmplits-utilities": "*"
          }
        },
        "@loupeteam/tmplits-dropdowntable": {
          "version": "file:../../src/tmplits/tmplits-dropdowntable",
          "requires": {
            "@loupeteam/tmplits-globalclasses": "*",
            "@loupeteam/tmplits-utilities": "*"
          }
        },
        "@loupeteam/tmplits-globalclasses": {
          "version": "file:../../src/tmplits/tmplits-globalclasses"
        },
        "@loupeteam/tmplits-labeledlist": {
          "version": "file:../../src/tmplits/tmplits-labeledlist",
          "requires": {
            "@loupeteam/tmplits-globalclasses": "*",
            "@loupeteam/tmplits-utilities": "*"
          }
        },
        "@loupeteam/tmplits-led": {
          "version": "file:../../src/tmplits/tmplits-led",
          "requires": {
            "@loupeteam/tmplits-globalclasses": "*",
            "@loupeteam/tmplits-utilities": "*"
          }
        },
        "@loupeteam/tmplits-multiselect": {
          "version": "file:../../src/tmplits/tmplits-multiselect",
          "requires": {
            "@loupeteam/tmplits-globalclasses": "*",
            "@loupeteam/tmplits-utilities": "*"
          }
        },
        "@loupeteam/tmplits-numeric": {
          "version": "file:../../src/tmplits/tmplits-numeric",
          "requires": {
            "@loupeteam/tmplits-globalclasses": "*",
            "@loupeteam/tmplits-utilities": "*"
          }
        },
        "@loupeteam/tmplits-numgrid": {
          "version": "file:../../src/tmplits/tmplits-numgrid",
          "requires": {
            "@loupeteam/tmplits-globalclasses": "*",
            "@loupeteam/tmplits-utilities": "*"
          }
        },
        "@loupeteam/tmplits-page": {
          "version": "file:../../src/tmplits/tmplits-page",
          "requires": {
            "@loupeteam/tmplits-globalclasses": "*",
            "@loupeteam/tmplits-utilities": "*"
          }
        },
        "@loupeteam/tmplits-pageselect": {
          "version": "file:../../src/tmplits/tmplits-pageselect",
          "requires": {
            "@loupeteam/tmplits-globalclasses": "*",
            "@loupeteam/tmplits-utilities": "*"
          }
        },
        "@loupeteam/tmplits-robotscene": {
          "version": "file:../../src/tmplits/tmplits-robotscene",
          "requires": {
            "@loupeteam/tmplits-globalclasses": "*",
            "@loupeteam/tmplits-utilities": "*"
          }
        },
        "@loupeteam/tmplits-slider": {
          "version": "file:../../src/tmplits/tmplits-slider",
          "requires": {
            "@loupeteam/tmplits-globalclasses": "*",
            "@loupeteam/tmplits-utilities": "*"
          }
        },
        "@loupeteam/tmplits-tableselect": {
          "version": "file:../../src/tmplits/tmplits-tableselect",
          "requires": {
            "@loupeteam/tmplits-globalclasses": "*",
            "@loupeteam/tmplits-utilities": "*"
          }
        },
        "@loupeteam/tmplits-text": {
          "version": "file:../../src/tmplits/tmplits-text",
          "requires": {
            "@loupeteam/tmplits-globalclasses": "*",
            "@loupeteam/tmplits-utilities": "*"
          }
        },
        "@loupeteam/tmplits-utilities": {
          "version": "file:../../src/tmplits/tmplits-utilities"
        },
        "@loupeteam/tmplits-valueupdown": {
          "version": "file:../../src/tmplits/tmplits-valueupdown",
          "requires": {
            "@loupeteam/tmplits-globalclasses": "*",
            "@loupeteam/tmplits-utilities": "*"
          }
        },
        "@loupeteam/webhmi": {
          "version": "1.5.1",
          "resolved": "https://npm.pkg.github.com/download/@loupeteam/webhmi/1.5.1/6dcb40bfbc705cd90b0d927f2af41dd644fa7dd4",
          "integrity": "sha512-5XvFPc4lcjXyXyq38CKFPxddtOxHC6sxhRPiP5a3cwlMchv0XVEttZ7LugWWhZRUCfHkH18fa3XNX+kW9oXRuQ=="
        },
        "bootstrap": {
          "version": "3.4.1",
          "resolved": "https://registry.npmjs.org/bootstrap/-/bootstrap-3.4.1.tgz",
          "integrity": "sha512-yN5oZVmRCwe5aKwzRj6736nSmKDX7pLYwsXiCj/EYmo16hODaBiT4En5btW/jhBF/seV+XMx3aYwukYC3A49DA=="
        },
        "handlebars": {
          "version": "4.7.8",
          "resolved": "https://registry.npmjs.org/handlebars/-/handlebars-4.7.8.tgz",
          "integrity": "sha512-vafaFqs8MZkRrSX7sFVUdo3ap/eNiLnb4IakshzvP56X5Nr1iGKAIqdX6tMlm6HcNRIkr6AxO5jFEoJzzpT8aQ==",
          "requires": {
            "minimist": "^1.2.5",
            "neo-async": "^2.6.2",
            "source-map": "^0.6.1",
            "uglify-js": "^3.1.4",
            "wordwrap": "^1.0.0"
          }
        },
        "jquery": {
          "version": "3.7.0",
          "resolved": "https://registry.npmjs.org/jquery/-/jquery-3.7.0.tgz",
          "integrity": "sha512-umpJ0/k8X0MvD1ds0P9SfowREz2LenHsQaxSohMZ5OMNEU2r0tf8pdeEFTHMFxWVxKNyU9rTtK3CWzUCTKJUeQ=="
        },
        "minimist": {
          "version": "1.2.8",
          "resolved": "https://registry.npmjs.org/minimist/-/minimist-1.2.8.tgz",
          "integrity": "sha512-2yyAR8qBkN3YuheJanUpWC5U3bb5osDywNB8RzDVlDwDHbocAJveqqj1u8+SVD7jkWT4yvsHCpWqqWqAxb0zCA=="
        },
        "neo-async": {
          "version": "2.6.2",
          "resolved": "https://registry.npmjs.org/neo-async/-/neo-async-2.6.2.tgz",
          "integrity": "sha512-Yd3UES5mWCSqR+qNT93S3UoYUkqAZ9lLg8a7g9rimsWmYGK8cVToA4/sF3RrshdyV3sAGMXVUmpMYOw+dLpOuw=="
        },
        "source-map": {
          "version": "0.6.1",
          "resolved": "https://registry.npmjs.org/source-map/-/source-map-0.6.1.tgz",
          "integrity": "sha512-UjgapumWlbMhkBgzT7Ykc5YXUT46F0iKu8SGXq0bcwP5dz/h0Plj6enJqjz1Zbq2l5WaqYnrVbwWOWMyF3F47g=="
        },
        "three": {
          "version": "0.145.0",
          "resolved": "https://registry.npmjs.org/three/-/three-0.145.0.tgz",
          "integrity": "sha512-EKoHQEtEJ4CB6b2BGMBgLZrfwLjXcSUfoI/MiIXUuRpeYsfK5aPWbYhdtIVWOH+x6X0TouldHKHBuc/LAiFzAw=="
        },
        "uglify-js": {
          "version": "3.17.4",
          "resolved": "https://registry.npmjs.org/uglify-js/-/uglify-js-3.17.4.tgz",
          "integrity": "sha512-T9q82TJI9e/C1TAxYvfb16xO120tMVFZrGA3f9/P4424DNu6ypK103y0GPFVa17yotwSyZW5iYXgjYHkGrJW/g==",
          "optional": true
        },
        "wordwrap": {
          "version": "1.0.0",
          "resolved": "https://registry.npmjs.org/wordwrap/-/wordwrap-1.0.0.tgz",
          "integrity": "sha512-gvVzJFlPycKc5dZN4yPkP8w7Dc37BtP1yczEneOb4uq34pXZcvrtRTmWV8W+Ume+XCxKgbjM+nevkyFPMybd4Q=="
        }
      }
    },
    "bootstrap": {
      "version": "3.4.1",
      "resolved": "https://registry.npmjs.org/bootstrap/-/bootstrap-3.4.1.tgz",
      "integrity": "sha512-yN5oZVmRCwe5aKwzRj6736nSmKDX7pLYwsXiCj/EYmo16hODaBiT4En5btW/jhBF/seV+XMx3aYwukYC3A49DA=="
    },
    "handlebars": {
      "version": "4.7.8",
      "resolved": "https://registry.npmjs.org/handlebars/-/handlebars-4.7.8.tgz",
      "integrity": "sha512-vafaFqs8MZkRrSX7sFVUdo3ap/eNiLnb4IakshzvP56X5Nr1iGKAIqdX6tMlm6HcNRIkr6AxO5jFEoJzzpT8aQ==",
      "requires": {
        "minimist": "^1.2.5",
        "neo-async": "^2.6.2",
        "source-map": "^0.6.1",
        "uglify-js": "^3.1.4",
        "wordwrap": "^1.0.0"
      }
    },
    "jquery": {
      "version": "3.7.0",
      "resolved": "https://registry.npmjs.org/jquery/-/jquery-3.7.0.tgz",
      "integrity": "sha512-umpJ0/k8X0MvD1ds0P9SfowREz2LenHsQaxSohMZ5OMNEU2r0tf8pdeEFTHMFxWVxKNyU9rTtK3CWzUCTKJUeQ=="
    },
    "minimist": {
      "version": "1.2.8",
      "resolved": "https://registry.npmjs.org/minimist/-/minimist-1.2.8.tgz",
      "integrity": "sha512-2yyAR8qBkN3YuheJanUpWC5U3bb5osDywNB8RzDVlDwDHbocAJveqqj1u8+SVD7jkWT4yvsHCpWqqWqAxb0zCA=="
    },
    "neo-async": {
      "version": "2.6.2",
      "resolved": "https://registry.npmjs.org/neo-async/-/neo-async-2.6.2.tgz",
      "integrity": "sha512-Yd3UES5mWCSqR+qNT93S3UoYUkqAZ9lLg8a7g9rimsWmYGK8cVToA4/sF3RrshdyV3sAGMXVUmpMYOw+dLpOuw=="
    },
    "source-map": {
      "version": "0.6.1",
      "resolved": "https://registry.npmjs.org/source-map/-/source-map-0.6.1.tgz",
      "integrity": "sha512-UjgapumWlbMhkBgzT7Ykc5YXUT46F0iKu8SGXq0bcwP5dz/h0Plj6enJqjz1Zbq2l5WaqYnrVbwWOWMyF3F47g=="
    },
    "three": {
      "version": "0.145.0",
      "resolved": "https://registry.npmjs.org/three/-/three-0.145.0.tgz",
      "integrity": "sha512-EKoHQEtEJ4CB6b2BGMBgLZrfwLjXcSUfoI/MiIXUuRpeYsfK5aPWbYhdtIVWOH+x6X0TouldHKHBuc/LAiFzAw=="
    },
    "uglify-js": {
      "version": "3.17.4",
      "resolved": "https://registry.npmjs.org/uglify-js/-/uglify-js-3.17.4.tgz",
      "integrity": "sha512-T9q82TJI9e/C1TAxYvfb16xO120tMVFZrGA3f9/P4424DNu6ypK103y0GPFVa17yotwSyZW5iYXgjYHkGrJW/g==",
      "optional": true
    },
    "wordwrap": {
      "version": "1.0.0",
      "resolved": "https://registry.npmjs.org/wordwrap/-/wordwrap-1.0.0.tgz",
      "integrity": "sha512-gvVzJFlPycKc5dZN4yPkP8w7Dc37BtP1yczEneOb4uq34pXZcvrtRTmWV8W+Ume+XCxKgbjM+nevkyFPMybd4Q=="
    }
  }
}
