{
  "name": "@loupeteam/widget-template",
  "version": "0.0.23",
  "lockfileVersion": 2,
  "requires": true,
  "packages": {
    "": {
      "name": "@loupeteam/widget-template",
      "version": "0.0.23",
      "license": "ISC",
      "dependencies": {
        "@loupeteam/webhmi": "*",
        "@loupeteam/widgets": "file:../../src/HMI/",
        "@loupeteam/widgets-button": "file:../../src/widgets/widgets-button/",
        "@loupeteam/widgets-checkbox": "file:../../src/widgets/widgets-checkbox/",
        "@loupeteam/widgets-columns": "file:../../src/widgets/widgets-columns/",
        "@loupeteam/widgets-columnsbs": "file:../../src/widgets/widgets-columnsbs/",
        "@loupeteam/widgets-directorybrowser": "file:../../src/widgets/widgets-directorybrowser/",
        "@loupeteam/widgets-directorybrowserwindow": "file:../../src/widgets/widgets-directorybrowserwindow/",
        "@loupeteam/widgets-dropdown": "file:../../src/widgets/widgets-dropdown/",
        "@loupeteam/widgets-dropdowntable": "file:../../src/widgets/widgets-dropdowntable/",
        "@loupeteam/widgets-globalclasses": "file:../../src/widgets/widgets-globalclasses/",
        "@loupeteam/widgets-labeledlist": "file:../../src/widgets/widgets-labeledlist/",
        "@loupeteam/widgets-led": "file:../../src/widgets/widgets-led/",
        "@loupeteam/widgets-multiselect": "file:../../src/widgets/widgets-multiselect/",
        "@loupeteam/widgets-numeric": "file:../../src/widgets/widgets-numeric/",
        "@loupeteam/widgets-numgrid": "file:../../src/widgets/widgets-numgrid/",
        "@loupeteam/widgets-page": "file:../../src/widgets/widgets-page/",
        "@loupeteam/widgets-pageselect": "file:../../src/widgets/widgets-pageselect/",
        "@loupeteam/widgets-slider": "file:../../src/widgets/widgets-slider/",
        "@loupeteam/widgets-tableselect": "file:../../src/widgets/widgets-tableselect/",
        "@loupeteam/widgets-text": "file:../../src/widgets/widgets-text/",
        "@loupeteam/widgets-utilities": "file:../../src/widgets/widgets-utilities/",
        "@loupeteam/widgets-valueupdown": "file:../../src/widgets/widgets-valueupdown/",
        "app": "file:./",
        "bootstrap": "^3.3.4",
        "handlebars": "*",
        "jquery": "*"
      }
    },
    "../../src/HMI": {
      "version": "0.0.20",
      "license": "SEE LICENSE IN LICENSE.txt",
      "dependencies": {
        "handlebars": "*",
        "jquery": "*"
      }
    },
    "../../src/widgets/widgets-button": {
      "version": "0.0.2",
      "license": "ISC",
      "dependencies": {
        "@loupeteam/widgets-globalclasses": "*",
        "@loupeteam/widgets-utilities": "*"
      }
    },
    "../../src/widgets/widgets-checkbox": {
      "version": "0.0.2",
      "license": "ISC",
      "dependencies": {
        "@loupeteam/widgets-globalclasses": "*",
        "@loupeteam/widgets-utilities": "*"
      }
    },
    "../../src/widgets/widgets-columns": {
      "version": "0.0.2",
      "license": "ISC",
      "dependencies": {
        "@loupeteam/widgets-globalclasses": "*",
        "@loupeteam/widgets-utilities": "*"
      }
    },
    "../../src/widgets/widgets-columnsbs": {
      "version": "1.0.0",
      "license": "ISC",
      "dependencies": {
        "@loupeteam/widgets-gizmo": "^0.0.11",
        "@loupeteam/widgets-globalclasses": "*",
        "@loupeteam/widgets-utilities": "*"
      }
    },
    "../../src/widgets/widgets-directorybrowser": {
      "version": "0.0.1",
      "license": "ISC",
      "dependencies": {
        "@loupeteam/widgets-gizmo": "*",
        "@loupeteam/widgets-globalclasses": "*",
        "@loupeteam/widgets-utilities": "*"
      }
    },
    "../../src/widgets/widgets-directorybrowserwindow": {
      "version": "0.0.1",
      "license": "ISC",
      "dependencies": {
        "@loupeteam/widgets-gizmo": "*",
        "@loupeteam/widgets-globalclasses": "*",
        "@loupeteam/widgets-utilities": "*"
      }
    },
    "../../src/widgets/widgets-dropdown": {
      "version": "0.0.1",
      "license": "ISC",
      "dependencies": {
        "@loupeteam/widgets-gizmo": "*",
        "@loupeteam/widgets-globalclasses": "*",
        "@loupeteam/widgets-utilities": "*"
      }
    },
    "../../src/widgets/widgets-dropdowntable": {
      "version": "0.0.2",
      "license": "ISC",
      "dependencies": {
        "@loupeteam/widgets-globalclasses": "*",
        "@loupeteam/widgets-utilities": "*"
      }
    },
    "../../src/widgets/widgets-globalclasses": {
      "version": "0.0.2",
      "license": "ISC"
    },
    "../../src/widgets/widgets-labeledlist": {
      "version": "0.0.1",
      "license": "ISC",
      "dependencies": {
        "@loupeteam/widgets-gizmo": "*",
        "@loupeteam/widgets-globalclasses": "*",
        "@loupeteam/widgets-utilities": "*"
      }
    },
    "../../src/widgets/widgets-led": {
      "version": "0.0.2",
      "license": "ISC",
      "dependencies": {
        "@loupeteam/widgets-globalclasses": "*",
        "@loupeteam/widgets-utilities": "*"
      }
    },
    "../../src/widgets/widgets-multiselect": {
      "version": "0.0.2",
      "license": "ISC",
      "dependencies": {
        "@loupeteam/widgets-globalclasses": "*",
        "@loupeteam/widgets-utilities": "*"
      }
    },
    "../../src/widgets/widgets-numeric": {
      "version": "0.0.2",
      "license": "ISC",
      "dependencies": {
        "@loupeteam/widgets-globalclasses": "*",
        "@loupeteam/widgets-utilities": "*"
      }
    },
    "../../src/widgets/widgets-numgrid": {
      "version": "0.0.1",
      "license": "ISC",
      "dependencies": {
        "@loupeteam/widgets-gizmo": "*",
        "@loupeteam/widgets-globalclasses": "*",
        "@loupeteam/widgets-utilities": "*"
      }
    },
    "../../src/widgets/widgets-page": {
      "version": "0.0.1",
      "license": "ISC",
      "dependencies": {
        "@loupeteam/widgets-gizmo": "*",
        "@loupeteam/widgets-globalclasses": "*",
        "@loupeteam/widgets-utilities": "*"
      }
    },
    "../../src/widgets/widgets-pageselect": {
      "version": "0.0.2",
      "license": "ISC",
      "dependencies": {
        "@loupeteam/widgets-globalclasses": "*",
        "@loupeteam/widgets-utilities": "*"
      }
    },
    "../../src/widgets/widgets-slider": {
      "version": "0.0.2",
      "license": "ISC",
      "dependencies": {
        "@loupeteam/widgets-globalclasses": "*",
        "@loupeteam/widgets-utilities": "*"
      }
    },
    "../../src/widgets/widgets-tableselect": {
      "version": "0.0.1",
      "license": "ISC",
      "dependencies": {
        "@loupeteam/widgets-gizmo": "*",
        "@loupeteam/widgets-globalclasses": "*",
        "@loupeteam/widgets-utilities": "*"
      }
    },
    "../../src/widgets/widgets-text": {
      "version": "0.0.2",
      "license": "ISC",
      "dependencies": {
        "@loupeteam/widgets-globalclasses": "*",
        "@loupeteam/widgets-utilities": "*"
      }
    },
    "../../src/widgets/widgets-utilities": {
      "version": "0.0.2",
      "license": "ISC"
    },
    "../../src/widgets/widgets-valueupdown": {
      "version": "0.0.2",
      "license": "ISC",
      "dependencies": {
        "@loupeteam/widgets-globalclasses": "*",
        "@loupeteam/widgets-utilities": "*"
      }
    },
    "node_modules/@loupeteam/webhmi": {
      "version": "1.5.1",
      "resolved": "https://npm.pkg.github.com/download/@loupeteam/webhmi/1.5.1/6dcb40bfbc705cd90b0d927f2af41dd644fa7dd4",
      "integrity": "sha512-5XvFPc4lcjXyXyq38CKFPxddtOxHC6sxhRPiP5a3cwlMchv0XVEttZ7LugWWhZRUCfHkH18fa3XNX+kW9oXRuQ==",
      "license": "SEE LICENSE IN LICENSE.txt"
    },
    "node_modules/@loupeteam/widgets": {
      "resolved": "../../src/HMI",
      "link": true
    },
    "node_modules/@loupeteam/widgets-button": {
      "resolved": "../../src/widgets/widgets-button",
      "link": true
    },
    "node_modules/@loupeteam/widgets-checkbox": {
      "resolved": "../../src/widgets/widgets-checkbox",
      "link": true
    },
    "node_modules/@loupeteam/widgets-columns": {
      "resolved": "../../src/widgets/widgets-columns",
      "link": true
    },
    "node_modules/@loupeteam/widgets-columnsbs": {
      "resolved": "../../src/widgets/widgets-columnsbs",
      "link": true
    },
    "node_modules/@loupeteam/widgets-directorybrowser": {
      "resolved": "../../src/widgets/widgets-directorybrowser",
      "link": true
    },
    "node_modules/@loupeteam/widgets-directorybrowserwindow": {
      "resolved": "../../src/widgets/widgets-directorybrowserwindow",
      "link": true
    },
    "node_modules/@loupeteam/widgets-dropdown": {
      "resolved": "../../src/widgets/widgets-dropdown",
      "link": true
    },
    "node_modules/@loupeteam/widgets-dropdowntable": {
      "resolved": "../../src/widgets/widgets-dropdowntable",
      "link": true
    },
    "node_modules/@loupeteam/widgets-globalclasses": {
      "resolved": "../../src/widgets/widgets-globalclasses",
      "link": true
    },
    "node_modules/@loupeteam/widgets-labeledlist": {
      "resolved": "../../src/widgets/widgets-labeledlist",
      "link": true
    },
    "node_modules/@loupeteam/widgets-led": {
      "resolved": "../../src/widgets/widgets-led",
      "link": true
    },
    "node_modules/@loupeteam/widgets-multiselect": {
      "resolved": "../../src/widgets/widgets-multiselect",
      "link": true
    },
    "node_modules/@loupeteam/widgets-numeric": {
      "resolved": "../../src/widgets/widgets-numeric",
      "link": true
    },
    "node_modules/@loupeteam/widgets-numgrid": {
      "resolved": "../../src/widgets/widgets-numgrid",
      "link": true
    },
    "node_modules/@loupeteam/widgets-page": {
      "resolved": "../../src/widgets/widgets-page",
      "link": true
    },
    "node_modules/@loupeteam/widgets-pageselect": {
      "resolved": "../../src/widgets/widgets-pageselect",
      "link": true
    },
    "node_modules/@loupeteam/widgets-slider": {
      "resolved": "../../src/widgets/widgets-slider",
      "link": true
    },
    "node_modules/@loupeteam/widgets-tableselect": {
      "resolved": "../../src/widgets/widgets-tableselect",
      "link": true
    },
    "node_modules/@loupeteam/widgets-text": {
      "resolved": "../../src/widgets/widgets-text",
      "link": true
    },
    "node_modules/@loupeteam/widgets-utilities": {
      "resolved": "../../src/widgets/widgets-utilities",
      "link": true
    },
    "node_modules/@loupeteam/widgets-valueupdown": {
      "resolved": "../../src/widgets/widgets-valueupdown",
      "link": true
    },
    "node_modules/app": {
      "resolved": "",
      "link": true
    },
    "node_modules/bootstrap": {
      "version": "3.4.1",
      "resolved": "https://registry.npmjs.org/bootstrap/-/bootstrap-3.4.1.tgz",
      "integrity": "sha512-yN5oZVmRCwe5aKwzRj6736nSmKDX7pLYwsXiCj/EYmo16hODaBiT4En5btW/jhBF/seV+XMx3aYwukYC3A49DA==",
      "engines": {
        "node": ">=6"
      }
    },
    "node_modules/handlebars": {
      "version": "4.7.8",
      "resolved": "https://registry.npmjs.org/handlebars/-/handlebars-4.7.8.tgz",
      "integrity": "sha512-vafaFqs8MZkRrSX7sFVUdo3ap/eNiLnb4IakshzvP56X5Nr1iGKAIqdX6tMlm6HcNRIkr6AxO5jFEoJzzpT8aQ==",
      "dependencies": {
        "minimist": "^1.2.5",
        "neo-async": "^2.6.2",
        "source-map": "^0.6.1",
        "wordwrap": "^1.0.0"
      },
      "bin": {
        "handlebars": "bin/handlebars"
      },
      "engines": {
        "node": ">=0.4.7"
      },
      "optionalDependencies": {
        "uglify-js": "^3.1.4"
      }
    },
    "node_modules/jquery": {
      "version": "3.7.0",
      "resolved": "https://registry.npmjs.org/jquery/-/jquery-3.7.0.tgz",
      "integrity": "sha512-umpJ0/k8X0MvD1ds0P9SfowREz2LenHsQaxSohMZ5OMNEU2r0tf8pdeEFTHMFxWVxKNyU9rTtK3CWzUCTKJUeQ=="
    },
    "node_modules/minimist": {
      "version": "1.2.8",
      "resolved": "https://registry.npmjs.org/minimist/-/minimist-1.2.8.tgz",
      "integrity": "sha512-2yyAR8qBkN3YuheJanUpWC5U3bb5osDywNB8RzDVlDwDHbocAJveqqj1u8+SVD7jkWT4yvsHCpWqqWqAxb0zCA==",
      "funding": {
        "url": "https://github.com/sponsors/ljharb"
      }
    },
    "node_modules/neo-async": {
      "version": "2.6.2",
      "resolved": "https://registry.npmjs.org/neo-async/-/neo-async-2.6.2.tgz",
      "integrity": "sha512-Yd3UES5mWCSqR+qNT93S3UoYUkqAZ9lLg8a7g9rimsWmYGK8cVToA4/sF3RrshdyV3sAGMXVUmpMYOw+dLpOuw=="
    },
    "node_modules/source-map": {
      "version": "0.6.1",
      "resolved": "https://registry.npmjs.org/source-map/-/source-map-0.6.1.tgz",
      "integrity": "sha512-UjgapumWlbMhkBgzT7Ykc5YXUT46F0iKu8SGXq0bcwP5dz/h0Plj6enJqjz1Zbq2l5WaqYnrVbwWOWMyF3F47g==",
      "engines": {
        "node": ">=0.10.0"
      }
    },
    "node_modules/uglify-js": {
      "version": "3.17.4",
      "resolved": "https://registry.npmjs.org/uglify-js/-/uglify-js-3.17.4.tgz",
      "integrity": "sha512-T9q82TJI9e/C1TAxYvfb16xO120tMVFZrGA3f9/P4424DNu6ypK103y0GPFVa17yotwSyZW5iYXgjYHkGrJW/g==",
      "optional": true,
      "bin": {
        "uglifyjs": "bin/uglifyjs"
      },
      "engines": {
        "node": ">=0.8.0"
      }
    },
    "node_modules/wordwrap": {
      "version": "1.0.0",
      "resolved": "https://registry.npmjs.org/wordwrap/-/wordwrap-1.0.0.tgz",
      "integrity": "sha512-gvVzJFlPycKc5dZN4yPkP8w7Dc37BtP1yczEneOb4uq34pXZcvrtRTmWV8W+Ume+XCxKgbjM+nevkyFPMybd4Q=="
    }
  },
  "dependencies": {
    "@loupeteam/webhmi": {
      "version": "1.5.1",
      "resolved": "https://npm.pkg.github.com/download/@loupeteam/webhmi/1.5.1/6dcb40bfbc705cd90b0d927f2af41dd644fa7dd4",
      "integrity": "sha512-5XvFPc4lcjXyXyq38CKFPxddtOxHC6sxhRPiP5a3cwlMchv0XVEttZ7LugWWhZRUCfHkH18fa3XNX+kW9oXRuQ=="
    },
    "@loupeteam/widgets": {
      "version": "file:../../src/HMI",
      "requires": {
        "handlebars": "*",
        "jquery": "*"
      }
    },
    "@loupeteam/widgets-button": {
      "version": "file:../../src/widgets/widgets-button",
      "requires": {
        "@loupeteam/widgets-globalclasses": "*",
        "@loupeteam/widgets-utilities": "*"
      }
    },
    "@loupeteam/widgets-checkbox": {
      "version": "file:../../src/widgets/widgets-checkbox",
      "requires": {
        "@loupeteam/widgets-globalclasses": "*",
        "@loupeteam/widgets-utilities": "*"
      }
    },
    "@loupeteam/widgets-columns": {
      "version": "file:../../src/widgets/widgets-columns",
      "requires": {
        "@loupeteam/widgets-globalclasses": "*",
        "@loupeteam/widgets-utilities": "*"
      }
    },
    "@loupeteam/widgets-columnsbs": {
      "version": "file:../../src/widgets/widgets-columnsbs",
      "requires": {
        "@loupeteam/widgets-gizmo": "^0.0.11",
        "@loupeteam/widgets-globalclasses": "*",
        "@loupeteam/widgets-utilities": "*"
      }
    },
    "@loupeteam/widgets-directorybrowser": {
      "version": "file:../../src/widgets/widgets-directorybrowser",
      "requires": {
        "@loupeteam/widgets-gizmo": "*",
        "@loupeteam/widgets-globalclasses": "*",
        "@loupeteam/widgets-utilities": "*"
      }
    },
    "@loupeteam/widgets-directorybrowserwindow": {
      "version": "file:../../src/widgets/widgets-directorybrowserwindow",
      "requires": {
        "@loupeteam/widgets-gizmo": "*",
        "@loupeteam/widgets-globalclasses": "*",
        "@loupeteam/widgets-utilities": "*"
      }
    },
    "@loupeteam/widgets-dropdown": {
      "version": "file:../../src/widgets/widgets-dropdown",
      "requires": {
        "@loupeteam/widgets-gizmo": "*",
        "@loupeteam/widgets-globalclasses": "*",
        "@loupeteam/widgets-utilities": "*"
      }
    },
    "@loupeteam/widgets-dropdowntable": {
      "version": "file:../../src/widgets/widgets-dropdowntable",
      "requires": {
        "@loupeteam/widgets-globalclasses": "*",
        "@loupeteam/widgets-utilities": "*"
      }
    },
    "@loupeteam/widgets-globalclasses": {
      "version": "file:../../src/widgets/widgets-globalclasses"
    },
    "@loupeteam/widgets-labeledlist": {
      "version": "file:../../src/widgets/widgets-labeledlist",
      "requires": {
        "@loupeteam/widgets-gizmo": "*",
        "@loupeteam/widgets-globalclasses": "*",
        "@loupeteam/widgets-utilities": "*"
      }
    },
    "@loupeteam/widgets-led": {
      "version": "file:../../src/widgets/widgets-led",
      "requires": {
        "@loupeteam/widgets-globalclasses": "*",
        "@loupeteam/widgets-utilities": "*"
      }
    },
    "@loupeteam/widgets-multiselect": {
      "version": "file:../../src/widgets/widgets-multiselect",
      "requires": {
        "@loupeteam/widgets-globalclasses": "*",
        "@loupeteam/widgets-utilities": "*"
      }
    },
    "@loupeteam/widgets-numeric": {
      "version": "file:../../src/widgets/widgets-numeric",
      "requires": {
        "@loupeteam/widgets-globalclasses": "*",
        "@loupeteam/widgets-utilities": "*"
      }
    },
    "@loupeteam/widgets-numgrid": {
      "version": "file:../../src/widgets/widgets-numgrid",
      "requires": {
        "@loupeteam/widgets-gizmo": "*",
        "@loupeteam/widgets-globalclasses": "*",
        "@loupeteam/widgets-utilities": "*"
      }
    },
    "@loupeteam/widgets-page": {
      "version": "file:../../src/widgets/widgets-page",
      "requires": {
        "@loupeteam/widgets-gizmo": "*",
        "@loupeteam/widgets-globalclasses": "*",
        "@loupeteam/widgets-utilities": "*"
      }
    },
    "@loupeteam/widgets-pageselect": {
      "version": "file:../../src/widgets/widgets-pageselect",
      "requires": {
        "@loupeteam/widgets-globalclasses": "*",
        "@loupeteam/widgets-utilities": "*"
      }
    },
    "@loupeteam/widgets-slider": {
      "version": "file:../../src/widgets/widgets-slider",
      "requires": {
        "@loupeteam/widgets-globalclasses": "*",
        "@loupeteam/widgets-utilities": "*"
      }
    },
    "@loupeteam/widgets-tableselect": {
      "version": "file:../../src/widgets/widgets-tableselect",
      "requires": {
        "@loupeteam/widgets-gizmo": "*",
        "@loupeteam/widgets-globalclasses": "*",
        "@loupeteam/widgets-utilities": "*"
      }
    },
    "@loupeteam/widgets-text": {
      "version": "file:../../src/widgets/widgets-text",
      "requires": {
        "@loupeteam/widgets-globalclasses": "*",
        "@loupeteam/widgets-utilities": "*"
      }
    },
    "@loupeteam/widgets-utilities": {
      "version": "file:../../src/widgets/widgets-utilities"
    },
    "@loupeteam/widgets-valueupdown": {
      "version": "file:../../src/widgets/widgets-valueupdown",
      "requires": {
        "@loupeteam/widgets-globalclasses": "*",
        "@loupeteam/widgets-utilities": "*"
      }
    },
    "app": {
      "version": "file:",
      "requires": {
        "@loupeteam/webhmi": "*",
        "@loupeteam/widgets": "file:../../src/HMI",
        "@loupeteam/widgets-button": "file:../../src/widgets/widgets-button",
        "@loupeteam/widgets-checkbox": "file:../../src/widgets/widgets-checkbox",
        "@loupeteam/widgets-columns": "file:../../src/widgets/widgets-columns",
        "@loupeteam/widgets-columnsbs": "file:../../src/widgets/widgets-columnsbs",
        "@loupeteam/widgets-directorybrowser": "file:../../src/widgets/widgets-directorybrowser",
        "@loupeteam/widgets-directorybrowserwindow": "file:../../src/widgets/widgets-directorybrowserwindow",
        "@loupeteam/widgets-dropdown": "file:../../src/widgets/widgets-dropdown",
        "@loupeteam/widgets-dropdowntable": "file:../../src/widgets/widgets-dropdowntable",
        "@loupeteam/widgets-globalclasses": "file:../../src/widgets/widgets-globalclasses",
        "@loupeteam/widgets-labeledlist": "file:../../src/widgets/widgets-labeledlist",
        "@loupeteam/widgets-led": "file:../../src/widgets/widgets-led",
        "@loupeteam/widgets-multiselect": "file:../../src/widgets/widgets-multiselect",
        "@loupeteam/widgets-numeric": "file:../../src/widgets/widgets-numeric",
        "@loupeteam/widgets-numgrid": "file:../../src/widgets/widgets-numgrid",
        "@loupeteam/widgets-page": "file:../../src/widgets/widgets-page",
        "@loupeteam/widgets-pageselect": "file:../../src/widgets/widgets-pageselect",
        "@loupeteam/widgets-slider": "file:../../src/widgets/widgets-slider",
        "@loupeteam/widgets-tableselect": "file:../../src/widgets/widgets-tableselect",
        "@loupeteam/widgets-text": "file:../../src/widgets/widgets-text",
        "@loupeteam/widgets-utilities": "file:../../src/widgets/widgets-utilities",
        "@loupeteam/widgets-valueupdown": "file:../../src/widgets/widgets-valueupdown",
        "app": "file:",
        "bootstrap": "^3.3.4",
        "handlebars": "*",
        "jquery": "*"
      },
      "dependencies": {
        "@loupeteam/webhmi": {
          "version": "1.5.1",
          "resolved": "https://npm.pkg.github.com/download/@loupeteam/webhmi/1.5.1/6dcb40bfbc705cd90b0d927f2af41dd644fa7dd4",
          "integrity": "sha512-5XvFPc4lcjXyXyq38CKFPxddtOxHC6sxhRPiP5a3cwlMchv0XVEttZ7LugWWhZRUCfHkH18fa3XNX+kW9oXRuQ=="
        },
        "@loupeteam/widgets": {
          "version": "file:../../src/HMI",
          "requires": {
            "handlebars": "*",
            "jquery": "*"
          }
        },
        "@loupeteam/widgets-button": {
          "version": "file:../../src/widgets/widgets-button",
          "requires": {
            "@loupeteam/widgets-globalclasses": "*",
            "@loupeteam/widgets-utilities": "*"
          }
        },
        "@loupeteam/widgets-checkbox": {
          "version": "file:../../src/widgets/widgets-checkbox",
          "requires": {
            "@loupeteam/widgets-globalclasses": "*",
            "@loupeteam/widgets-utilities": "*"
          }
        },
        "@loupeteam/widgets-columns": {
          "version": "file:../../src/widgets/widgets-columns",
          "requires": {
            "@loupeteam/widgets-globalclasses": "*",
            "@loupeteam/widgets-utilities": "*"
          }
        },
        "@loupeteam/widgets-columnsbs": {
          "version": "file:../../src/widgets/widgets-columnsbs",
          "requires": {
            "@loupeteam/widgets-gizmo": "^0.0.11",
            "@loupeteam/widgets-globalclasses": "*",
            "@loupeteam/widgets-utilities": "*"
          }
        },
        "@loupeteam/widgets-directorybrowser": {
          "version": "file:../../src/widgets/widgets-directorybrowser",
          "requires": {
            "@loupeteam/widgets-gizmo": "*",
            "@loupeteam/widgets-globalclasses": "*",
            "@loupeteam/widgets-utilities": "*"
          }
        },
        "@loupeteam/widgets-directorybrowserwindow": {
          "version": "file:../../src/widgets/widgets-directorybrowserwindow",
          "requires": {
            "@loupeteam/widgets-gizmo": "*",
            "@loupeteam/widgets-globalclasses": "*",
            "@loupeteam/widgets-utilities": "*"
          }
        },
        "@loupeteam/widgets-dropdown": {
          "version": "file:../../src/widgets/widgets-dropdown",
          "requires": {
            "@loupeteam/widgets-gizmo": "*",
            "@loupeteam/widgets-globalclasses": "*",
            "@loupeteam/widgets-utilities": "*"
          }
        },
        "@loupeteam/widgets-dropdowntable": {
          "version": "file:../../src/widgets/widgets-dropdowntable",
          "requires": {
            "@loupeteam/widgets-globalclasses": "*",
            "@loupeteam/widgets-utilities": "*"
          }
        },
        "@loupeteam/widgets-globalclasses": {
          "version": "file:../../src/widgets/widgets-globalclasses"
        },
        "@loupeteam/widgets-labeledlist": {
          "version": "file:../../src/widgets/widgets-labeledlist",
          "requires": {
            "@loupeteam/widgets-gizmo": "*",
            "@loupeteam/widgets-globalclasses": "*",
            "@loupeteam/widgets-utilities": "*"
          }
        },
        "@loupeteam/widgets-led": {
          "version": "file:../../src/widgets/widgets-led",
          "requires": {
            "@loupeteam/widgets-globalclasses": "*",
            "@loupeteam/widgets-utilities": "*"
          }
        },
        "@loupeteam/widgets-multiselect": {
          "version": "file:../../src/widgets/widgets-multiselect",
          "requires": {
            "@loupeteam/widgets-globalclasses": "*",
            "@loupeteam/widgets-utilities": "*"
          }
        },
        "@loupeteam/widgets-numeric": {
          "version": "file:../../src/widgets/widgets-numeric",
          "requires": {
            "@loupeteam/widgets-globalclasses": "*",
            "@loupeteam/widgets-utilities": "*"
          }
        },
        "@loupeteam/widgets-numgrid": {
          "version": "file:../../src/widgets/widgets-numgrid",
          "requires": {
            "@loupeteam/widgets-gizmo": "*",
            "@loupeteam/widgets-globalclasses": "*",
            "@loupeteam/widgets-utilities": "*"
          }
        },
        "@loupeteam/widgets-page": {
          "version": "file:../../src/widgets/widgets-page",
          "requires": {
            "@loupeteam/widgets-gizmo": "*",
            "@loupeteam/widgets-globalclasses": "*",
            "@loupeteam/widgets-utilities": "*"
          }
        },
        "@loupeteam/widgets-pageselect": {
          "version": "file:../../src/widgets/widgets-pageselect",
          "requires": {
            "@loupeteam/widgets-globalclasses": "*",
            "@loupeteam/widgets-utilities": "*"
          }
        },
        "@loupeteam/widgets-slider": {
          "version": "file:../../src/widgets/widgets-slider",
          "requires": {
            "@loupeteam/widgets-globalclasses": "*",
            "@loupeteam/widgets-utilities": "*"
          }
        },
        "@loupeteam/widgets-tableselect": {
          "version": "file:../../src/widgets/widgets-tableselect",
          "requires": {
            "@loupeteam/widgets-gizmo": "*",
            "@loupeteam/widgets-globalclasses": "*",
            "@loupeteam/widgets-utilities": "*"
          }
        },
        "@loupeteam/widgets-text": {
          "version": "file:../../src/widgets/widgets-text",
          "requires": {
            "@loupeteam/widgets-globalclasses": "*",
            "@loupeteam/widgets-utilities": "*"
          }
        },
        "@loupeteam/widgets-utilities": {
          "version": "file:../../src/widgets/widgets-utilities"
        },
        "@loupeteam/widgets-valueupdown": {
          "version": "file:../../src/widgets/widgets-valueupdown",
          "requires": {
            "@loupeteam/widgets-globalclasses": "*",
            "@loupeteam/widgets-utilities": "*"
          }
        },
        "bootstrap": {
          "version": "3.4.1",
          "resolved": "https://registry.npmjs.org/bootstrap/-/bootstrap-3.4.1.tgz",
          "integrity": "sha512-yN5oZVmRCwe5aKwzRj6736nSmKDX7pLYwsXiCj/EYmo16hODaBiT4En5btW/jhBF/seV+XMx3aYwukYC3A49DA=="
        },
        "handlebars": {
          "version": "4.7.8",
          "resolved": "https://registry.npmjs.org/handlebars/-/handlebars-4.7.8.tgz",
          "integrity": "sha512-vafaFqs8MZkRrSX7sFVUdo3ap/eNiLnb4IakshzvP56X5Nr1iGKAIqdX6tMlm6HcNRIkr6AxO5jFEoJzzpT8aQ==",
          "requires": {
            "minimist": "^1.2.5",
            "neo-async": "^2.6.2",
            "source-map": "^0.6.1",
            "uglify-js": "^3.1.4",
            "wordwrap": "^1.0.0"
          }
        },
        "jquery": {
          "version": "3.7.0",
          "resolved": "https://registry.npmjs.org/jquery/-/jquery-3.7.0.tgz",
          "integrity": "sha512-umpJ0/k8X0MvD1ds0P9SfowREz2LenHsQaxSohMZ5OMNEU2r0tf8pdeEFTHMFxWVxKNyU9rTtK3CWzUCTKJUeQ=="
        },
        "minimist": {
          "version": "1.2.8",
          "resolved": "https://registry.npmjs.org/minimist/-/minimist-1.2.8.tgz",
          "integrity": "sha512-2yyAR8qBkN3YuheJanUpWC5U3bb5osDywNB8RzDVlDwDHbocAJveqqj1u8+SVD7jkWT4yvsHCpWqqWqAxb0zCA=="
        },
        "neo-async": {
          "version": "2.6.2",
          "resolved": "https://registry.npmjs.org/neo-async/-/neo-async-2.6.2.tgz",
          "integrity": "sha512-Yd3UES5mWCSqR+qNT93S3UoYUkqAZ9lLg8a7g9rimsWmYGK8cVToA4/sF3RrshdyV3sAGMXVUmpMYOw+dLpOuw=="
        },
        "source-map": {
          "version": "0.6.1",
          "resolved": "https://registry.npmjs.org/source-map/-/source-map-0.6.1.tgz",
          "integrity": "sha512-UjgapumWlbMhkBgzT7Ykc5YXUT46F0iKu8SGXq0bcwP5dz/h0Plj6enJqjz1Zbq2l5WaqYnrVbwWOWMyF3F47g=="
        },
        "uglify-js": {
          "version": "3.17.4",
          "resolved": "https://registry.npmjs.org/uglify-js/-/uglify-js-3.17.4.tgz",
          "integrity": "sha512-T9q82TJI9e/C1TAxYvfb16xO120tMVFZrGA3f9/P4424DNu6ypK103y0GPFVa17yotwSyZW5iYXgjYHkGrJW/g==",
          "optional": true
        },
        "wordwrap": {
          "version": "1.0.0",
          "resolved": "https://registry.npmjs.org/wordwrap/-/wordwrap-1.0.0.tgz",
          "integrity": "sha512-gvVzJFlPycKc5dZN4yPkP8w7Dc37BtP1yczEneOb4uq34pXZcvrtRTmWV8W+Ume+XCxKgbjM+nevkyFPMybd4Q=="
        }
      }
    },
    "bootstrap": {
      "version": "3.4.1",
      "resolved": "https://registry.npmjs.org/bootstrap/-/bootstrap-3.4.1.tgz",
      "integrity": "sha512-yN5oZVmRCwe5aKwzRj6736nSmKDX7pLYwsXiCj/EYmo16hODaBiT4En5btW/jhBF/seV+XMx3aYwukYC3A49DA=="
    },
    "handlebars": {
      "version": "4.7.8",
      "resolved": "https://registry.npmjs.org/handlebars/-/handlebars-4.7.8.tgz",
      "integrity": "sha512-vafaFqs8MZkRrSX7sFVUdo3ap/eNiLnb4IakshzvP56X5Nr1iGKAIqdX6tMlm6HcNRIkr6AxO5jFEoJzzpT8aQ==",
      "requires": {
        "minimist": "^1.2.5",
        "neo-async": "^2.6.2",
        "source-map": "^0.6.1",
        "uglify-js": "^3.1.4",
        "wordwrap": "^1.0.0"
      }
    },
    "jquery": {
      "version": "3.7.0",
      "resolved": "https://registry.npmjs.org/jquery/-/jquery-3.7.0.tgz",
      "integrity": "sha512-umpJ0/k8X0MvD1ds0P9SfowREz2LenHsQaxSohMZ5OMNEU2r0tf8pdeEFTHMFxWVxKNyU9rTtK3CWzUCTKJUeQ=="
    },
    "minimist": {
      "version": "1.2.8",
      "resolved": "https://registry.npmjs.org/minimist/-/minimist-1.2.8.tgz",
      "integrity": "sha512-2yyAR8qBkN3YuheJanUpWC5U3bb5osDywNB8RzDVlDwDHbocAJveqqj1u8+SVD7jkWT4yvsHCpWqqWqAxb0zCA=="
    },
    "neo-async": {
      "version": "2.6.2",
      "resolved": "https://registry.npmjs.org/neo-async/-/neo-async-2.6.2.tgz",
      "integrity": "sha512-Yd3UES5mWCSqR+qNT93S3UoYUkqAZ9lLg8a7g9rimsWmYGK8cVToA4/sF3RrshdyV3sAGMXVUmpMYOw+dLpOuw=="
    },
    "source-map": {
      "version": "0.6.1",
      "resolved": "https://registry.npmjs.org/source-map/-/source-map-0.6.1.tgz",
      "integrity": "sha512-UjgapumWlbMhkBgzT7Ykc5YXUT46F0iKu8SGXq0bcwP5dz/h0Plj6enJqjz1Zbq2l5WaqYnrVbwWOWMyF3F47g=="
    },
    "uglify-js": {
      "version": "3.17.4",
      "resolved": "https://registry.npmjs.org/uglify-js/-/uglify-js-3.17.4.tgz",
      "integrity": "sha512-T9q82TJI9e/C1TAxYvfb16xO120tMVFZrGA3f9/P4424DNu6ypK103y0GPFVa17yotwSyZW5iYXgjYHkGrJW/g==",
      "optional": true
    },
    "wordwrap": {
      "version": "1.0.0",
      "resolved": "https://registry.npmjs.org/wordwrap/-/wordwrap-1.0.0.tgz",
      "integrity": "sha512-gvVzJFlPycKc5dZN4yPkP8w7Dc37BtP1yczEneOb4uq34pXZcvrtRTmWV8W+Ume+XCxKgbjM+nevkyFPMybd4Q=="
    }
  }
}
