{
  "name": "template-test-hmi",
  "version": "0.0.25",
  "lockfileVersion": 2,
  "requires": true,
  "packages": {
    "": {
      "name": "template-test-hmi",
      "version": "0.0.25",
      "license": "ISC",
      "dependencies": {
        "@loupeteam/loupe-ux": "*",
        "@loupeteam/tmplits": "file:../../src/HMI/",
        "@loupeteam/tmplits-button": "file:../../src/tmplits/tmplits-button/",
        "@loupeteam/tmplits-checkbox": "file:../../src/tmplits/tmplits-checkbox/",
        "@loupeteam/tmplits-columns": "file:../../src/tmplits/tmplits-columns/",
        "@loupeteam/tmplits-columnsbs": "file:../../src/tmplits/tmplits-columnsbs/",
        "@loupeteam/tmplits-directorybrowser": "file:../../src/tmplits/tmplits-directorybrowser/",
        "@loupeteam/tmplits-directorybrowserwindow": "file:../../src/tmplits/tmplits-directorybrowserwindow/",
        "@loupeteam/tmplits-dropdown": "file:../../src/tmplits/tmplits-dropdown/",
        "@loupeteam/tmplits-dropdowntable": "file:../../src/tmplits/tmplits-dropdowntable/",
        "@loupeteam/tmplits-globalclasses": "file:../../src/tmplits/tmplits-globalclasses/",
        "@loupeteam/tmplits-labeledlist": "file:../../src/tmplits/tmplits-labeledlist/",
        "@loupeteam/tmplits-led": "file:../../src/tmplits/tmplits-led/",
        "@loupeteam/tmplits-multiselect": "file:../../src/tmplits/tmplits-multiselect/",
        "@loupeteam/tmplits-numeric": "file:../../src/tmplits/tmplits-numeric/",
        "@loupeteam/tmplits-numgrid": "file:../../src/tmplits/tmplits-numgrid/",
        "@loupeteam/tmplits-page": "file:../../src/tmplits/tmplits-page/",
        "@loupeteam/tmplits-pageselect": "file:../../src/tmplits/tmplits-pageselect/",
        "@loupeteam/tmplits-slider": "file:../../src/tmplits/tmplits-slider/",
        "@loupeteam/tmplits-tableselect": "file:../../src/tmplits/tmplits-tableselect/",
        "@loupeteam/tmplits-text": "file:../../src/tmplits/tmplits-text/",
        "@loupeteam/tmplits-utilities": "file:../../src/tmplits/tmplits-utilities/",
        "@loupeteam/tmplits-valueupdown": "file:../../src/tmplits/tmplits-valueupdown/",
        "app": "file:./app/",
        "bootstrap": "^3.3.4",
        "handlebars": "*",
        "jquery": "*"
      }
    },
    "node_modules/@loupeteam/loupe-ux": {
      "version": "2.0.0",
      "resolved": "https://npm.pkg.github.com/download/@loupeteam/loupe-ux/2.0.0/0463d50085543003707444e9cbcb27a72007eb45",
      "integrity": "sha512-smLd9DaEm4VuqXtpE6aLya+ohwSQffgYZ9X1GBBz8wk6R10b8itmyGTAoEatPOS/pkaF0x9NQzQM++EUGYgZNA==",
      "license": "SEE LICENSE IN LICENSE.txt"
    },
    "node_modules/@loupeteam/tmplits": {
      "version": "0.0.9",
      "resolved": "file:../../src/HMI",
      "license": "MIT",
      "dependencies": {
        "handlebars": "*",
        "jquery": "*"
      }
    },
    "node_modules/@loupeteam/tmplits-button": {
      "version": "0.0.3",
      "resolved": "file:../../src/tmplits/tmplits-button",
      "license": "MIT",
      "dependencies": {
        "@loupeteam/tmplits-globalclasses": "*",
        "@loupeteam/tmplits-utilities": "*"
      }
    },
    "node_modules/@loupeteam/tmplits-checkbox": {
      "version": "0.0.3",
      "resolved": "file:../../src/tmplits/tmplits-checkbox",
      "license": "MIT",
      "dependencies": {
        "@loupeteam/tmplits-globalclasses": "*",
        "@loupeteam/tmplits-utilities": "*"
      }
    },
    "node_modules/@loupeteam/tmplits-columns": {
      "version": "0.0.4",
      "resolved": "file:../../src/tmplits/tmplits-columns",
      "license": "MIT",
      "dependencies": {
        "@loupeteam/tmplits-globalclasses": "*",
        "@loupeteam/tmplits-utilities": "*"
      }
    },
    "node_modules/@loupeteam/tmplits-columnsbs": {
      "version": "0.0.2",
      "resolved": "file:../../src/tmplits/tmplits-columnsbs",
      "license": "MIT",
      "dependencies": {
        "@loupeteam/tmplits-globalclasses": "*",
        "@loupeteam/tmplits-utilities": "*"
      }
    },
    "node_modules/@loupeteam/tmplits-directorybrowser": {
      "version": "0.0.3",
      "resolved": "file:../../src/tmplits/tmplits-directorybrowser",
      "license": "MIT",
      "dependencies": {
        "@loupeteam/tmplits-globalclasses": "*",
        "@loupeteam/tmplits-utilities": "*"
      }
    },
    "node_modules/@loupeteam/tmplits-directorybrowserwindow": {
      "version": "0.0.3",
      "resolved": "file:../../src/tmplits/tmplits-directorybrowserwindow",
      "license": "MIT",
      "dependencies": {
        "@loupeteam/tmplits-globalclasses": "*",
        "@loupeteam/tmplits-utilities": "*"
      }
    },
    "node_modules/@loupeteam/tmplits-dropdown": {
      "version": "0.0.3",
      "resolved": "file:../../src/tmplits/tmplits-dropdown",
      "license": "MIT",
      "dependencies": {
        "@loupeteam/tmplits-globalclasses": "*",
        "@loupeteam/tmplits-utilities": "*"
      }
    },
    "node_modules/@loupeteam/tmplits-dropdowntable": {
      "version": "0.0.3",
      "resolved": "file:../../src/tmplits/tmplits-dropdowntable",
      "license": "MIT",
      "dependencies": {
        "@loupeteam/tmplits-globalclasses": "*",
        "@loupeteam/tmplits-utilities": "*"
      }
    },
    "node_modules/@loupeteam/tmplits-globalclasses": {
      "version": "0.0.4",
      "resolved": "file:../../src/tmplits/tmplits-globalclasses",
      "license": "MIT"
    },
    "node_modules/@loupeteam/tmplits-labeledlist": {
      "version": "0.0.2",
      "resolved": "file:../../src/tmplits/tmplits-labeledlist",
      "license": "MIT",
      "dependencies": {
        "@loupeteam/tmplits-globalclasses": "*",
        "@loupeteam/tmplits-utilities": "*"
      }
    },
    "node_modules/@loupeteam/tmplits-led": {
      "version": "0.0.2",
      "resolved": "file:../../src/tmplits/tmplits-led",
      "license": "MIT",
      "dependencies": {
        "@loupeteam/tmplits-globalclasses": "*",
        "@loupeteam/tmplits-utilities": "*"
      }
    },
    "node_modules/@loupeteam/tmplits-multiselect": {
      "version": "0.0.2",
      "resolved": "file:../../src/tmplits/tmplits-multiselect",
      "license": "MIT",
      "dependencies": {
        "@loupeteam/tmplits-globalclasses": "*",
        "@loupeteam/tmplits-utilities": "*"
      }
    },
    "node_modules/@loupeteam/tmplits-numeric": {
      "version": "0.0.4",
      "resolved": "file:../../src/tmplits/tmplits-numeric",
      "license": "MIT",
      "dependencies": {
        "@loupeteam/tmplits-globalclasses": "*",
        "@loupeteam/tmplits-utilities": "*"
      }
    },
    "node_modules/@loupeteam/tmplits-numgrid": {
      "version": "0.0.2",
      "resolved": "file:../../src/tmplits/tmplits-numgrid",
      "license": "MIT",
      "dependencies": {
        "@loupeteam/tmplits-globalclasses": "*",
        "@loupeteam/tmplits-utilities": "*"
      }
    },
    "node_modules/@loupeteam/tmplits-page": {
      "version": "0.0.2",
      "resolved": "file:../../src/tmplits/tmplits-page",
      "license": "MIT",
      "dependencies": {
        "@loupeteam/tmplits-globalclasses": "*",
        "@loupeteam/tmplits-utilities": "*"
      }
    },
    "node_modules/@loupeteam/tmplits-pageselect": {
      "version": "0.0.3",
      "resolved": "file:../../src/tmplits/tmplits-pageselect",
      "license": "MIT",
      "dependencies": {
        "@loupeteam/tmplits-globalclasses": "*",
        "@loupeteam/tmplits-utilities": "*"
      }
    },
    "node_modules/@loupeteam/tmplits-slider": {
      "version": "0.0.2",
      "resolved": "file:../../src/tmplits/tmplits-slider",
      "license": "MIT",
      "dependencies": {
        "@loupeteam/tmplits-globalclasses": "*",
        "@loupeteam/tmplits-utilities": "*"
      }
    },
    "node_modules/@loupeteam/tmplits-tableselect": {
      "version": "0.0.2",
      "resolved": "file:../../src/tmplits/tmplits-tableselect",
      "license": "MIT",
      "dependencies": {
        "@loupeteam/tmplits-globalclasses": "*",
        "@loupeteam/tmplits-utilities": "*"
      }
    },
    "node_modules/@loupeteam/tmplits-text": {
      "version": "0.0.3",
      "resolved": "file:../../src/tmplits/tmplits-text",
      "license": "MIT",
      "dependencies": {
        "@loupeteam/tmplits-globalclasses": "*",
        "@loupeteam/tmplits-utilities": "*"
      }
    },
    "node_modules/@loupeteam/tmplits-utilities": {
      "version": "0.0.3",
      "resolved": "file:../../src/tmplits/tmplits-utilities",
      "license": "MIT"
    },
    "node_modules/@loupeteam/tmplits-valueupdown": {
      "version": "0.0.2",
      "resolved": "file:../../src/tmplits/tmplits-valueupdown",
      "license": "MIT",
      "dependencies": {
        "@loupeteam/tmplits-globalclasses": "*",
        "@loupeteam/tmplits-utilities": "*"
      }
    },
    "node_modules/app": {
      "version": "1.0.0",
      "resolved": "file:app",
      "license": "MIT"
    },
    "node_modules/bootstrap": {
      "version": "3.4.1",
      "resolved": "https://registry.npmjs.org/bootstrap/-/bootstrap-3.4.1.tgz",
      "integrity": "sha512-yN5oZVmRCwe5aKwzRj6736nSmKDX7pLYwsXiCj/EYmo16hODaBiT4En5btW/jhBF/seV+XMx3aYwukYC3A49DA==",
      "engines": {
        "node": ">=6"
      }
    },
    "node_modules/handlebars": {
      "version": "4.7.8",
      "resolved": "https://registry.npmjs.org/handlebars/-/handlebars-4.7.8.tgz",
      "integrity": "sha512-vafaFqs8MZkRrSX7sFVUdo3ap/eNiLnb4IakshzvP56X5Nr1iGKAIqdX6tMlm6HcNRIkr6AxO5jFEoJzzpT8aQ==",
      "dependencies": {
        "minimist": "^1.2.5",
        "neo-async": "^2.6.2",
        "source-map": "^0.6.1",
        "wordwrap": "^1.0.0"
      },
      "bin": {
        "handlebars": "bin/handlebars"
      },
      "engines": {
        "node": ">=0.4.7"
      },
      "optionalDependencies": {
        "uglify-js": "^3.1.4"
      }
    },
    "node_modules/jquery": {
      "version": "3.7.0",
      "resolved": "https://registry.npmjs.org/jquery/-/jquery-3.7.0.tgz",
      "integrity": "sha512-umpJ0/k8X0MvD1ds0P9SfowREz2LenHsQaxSohMZ5OMNEU2r0tf8pdeEFTHMFxWVxKNyU9rTtK3CWzUCTKJUeQ=="
    },
    "node_modules/minimist": {
      "version": "1.2.8",
      "resolved": "https://registry.npmjs.org/minimist/-/minimist-1.2.8.tgz",
      "integrity": "sha512-2yyAR8qBkN3YuheJanUpWC5U3bb5osDywNB8RzDVlDwDHbocAJveqqj1u8+SVD7jkWT4yvsHCpWqqWqAxb0zCA==",
      "funding": {
        "url": "https://github.com/sponsors/ljharb"
      }
    },
    "node_modules/neo-async": {
      "version": "2.6.2",
      "resolved": "https://registry.npmjs.org/neo-async/-/neo-async-2.6.2.tgz",
      "integrity": "sha512-Yd3UES5mWCSqR+qNT93S3UoYUkqAZ9lLg8a7g9rimsWmYGK8cVToA4/sF3RrshdyV3sAGMXVUmpMYOw+dLpOuw=="
    },
    "node_modules/source-map": {
      "version": "0.6.1",
      "resolved": "https://registry.npmjs.org/source-map/-/source-map-0.6.1.tgz",
      "integrity": "sha512-UjgapumWlbMhkBgzT7Ykc5YXUT46F0iKu8SGXq0bcwP5dz/h0Plj6enJqjz1Zbq2l5WaqYnrVbwWOWMyF3F47g==",
      "engines": {
        "node": ">=0.10.0"
      }
    },
    "node_modules/uglify-js": {
      "version": "3.17.4",
      "resolved": "https://registry.npmjs.org/uglify-js/-/uglify-js-3.17.4.tgz",
      "integrity": "sha512-T9q82TJI9e/C1TAxYvfb16xO120tMVFZrGA3f9/P4424DNu6ypK103y0GPFVa17yotwSyZW5iYXgjYHkGrJW/g==",
      "optional": true,
      "bin": {
        "uglifyjs": "bin/uglifyjs"
      },
      "engines": {
        "node": ">=0.8.0"
      }
    },
    "node_modules/wordwrap": {
      "version": "1.0.0",
      "resolved": "https://registry.npmjs.org/wordwrap/-/wordwrap-1.0.0.tgz",
      "integrity": "sha512-gvVzJFlPycKc5dZN4yPkP8w7Dc37BtP1yczEneOb4uq34pXZcvrtRTmWV8W+Ume+XCxKgbjM+nevkyFPMybd4Q=="
    },
    "public": {
      "extraneous": true
    }
  },
  "dependencies": {
    "@loupeteam/loupe-ux": {
      "version": "2.0.0",
      "resolved": "https://npm.pkg.github.com/download/@loupeteam/loupe-ux/2.0.0/0463d50085543003707444e9cbcb27a72007eb45",
      "integrity": "sha512-smLd9DaEm4VuqXtpE6aLya+ohwSQffgYZ9X1GBBz8wk6R10b8itmyGTAoEatPOS/pkaF0x9NQzQM++EUGYgZNA=="
    },
    "@loupeteam/tmplits": {
      "version": "0.0.9",
      "requires": {
        "handlebars": "*",
        "jquery": "*"
      }
    },
    "@loupeteam/tmplits-button": {
      "version": "0.0.3",
      "requires": {
        "@loupeteam/tmplits-globalclasses": "*",
        "@loupeteam/tmplits-utilities": "*"
      }
    },
    "@loupeteam/tmplits-checkbox": {
      "version": "0.0.3",
      "requires": {
        "@loupeteam/tmplits-globalclasses": "*",
        "@loupeteam/tmplits-utilities": "*"
      }
    },
    "@loupeteam/tmplits-columns": {
      "version": "0.0.4",
      "requires": {
        "@loupeteam/tmplits-globalclasses": "*",
        "@loupeteam/tmplits-utilities": "*"
      }
    },
    "@loupeteam/tmplits-columnsbs": {
      "version": "0.0.2",
      "requires": {
        "@loupeteam/tmplits-globalclasses": "*",
        "@loupeteam/tmplits-utilities": "*"
      }
    },
    "@loupeteam/tmplits-directorybrowser": {
      "version": "0.0.3",
      "requires": {
        "@loupeteam/tmplits-globalclasses": "*",
        "@loupeteam/tmplits-utilities": "*"
      }
    },
    "@loupeteam/tmplits-directorybrowserwindow": {
      "version": "0.0.3",
      "requires": {
        "@loupeteam/tmplits-globalclasses": "*",
        "@loupeteam/tmplits-utilities": "*"
      }
    },
    "@loupeteam/tmplits-dropdown": {
      "version": "0.0.3",
      "requires": {
        "@loupeteam/tmplits-globalclasses": "*",
        "@loupeteam/tmplits-utilities": "*"
      }
    },
    "@loupeteam/tmplits-dropdowntable": {
      "version": "0.0.3",
      "requires": {
        "@loupeteam/tmplits-globalclasses": "*",
        "@loupeteam/tmplits-utilities": "*"
      }
    },
    "@loupeteam/tmplits-globalclasses": {
      "version": "0.0.4"
    },
    "@loupeteam/tmplits-labeledlist": {
      "version": "0.0.2",
      "requires": {
        "@loupeteam/tmplits-globalclasses": "*",
        "@loupeteam/tmplits-utilities": "*"
      }
    },
    "@loupeteam/tmplits-led": {
      "version": "0.0.2",
      "requires": {
        "@loupeteam/tmplits-globalclasses": "*",
        "@loupeteam/tmplits-utilities": "*"
      }
    },
    "@loupeteam/tmplits-multiselect": {
      "version": "0.0.2",
      "requires": {
        "@loupeteam/tmplits-globalclasses": "*",
        "@loupeteam/tmplits-utilities": "*"
      }
    },
    "@loupeteam/tmplits-numeric": {
      "version": "0.0.4",
      "requires": {
        "@loupeteam/tmplits-globalclasses": "*",
        "@loupeteam/tmplits-utilities": "*"
      }
    },
    "@loupeteam/tmplits-numgrid": {
      "version": "0.0.2",
      "requires": {
        "@loupeteam/tmplits-globalclasses": "*",
        "@loupeteam/tmplits-utilities": "*"
      }
    },
    "@loupeteam/tmplits-page": {
      "version": "0.0.2",
      "requires": {
        "@loupeteam/tmplits-globalclasses": "*",
        "@loupeteam/tmplits-utilities": "*"
      }
    },
    "@loupeteam/tmplits-pageselect": {
      "version": "0.0.3",
      "requires": {
        "@loupeteam/tmplits-globalclasses": "*",
        "@loupeteam/tmplits-utilities": "*"
      }
    },
    "@loupeteam/tmplits-slider": {
      "version": "0.0.2",
      "requires": {
        "@loupeteam/tmplits-globalclasses": "*",
        "@loupeteam/tmplits-utilities": "*"
      }
    },
    "@loupeteam/tmplits-tableselect": {
      "version": "0.0.2",
      "requires": {
        "@loupeteam/tmplits-globalclasses": "*",
        "@loupeteam/tmplits-utilities": "*"
      }
    },
    "@loupeteam/tmplits-text": {
      "version": "0.0.3",
      "requires": {
        "@loupeteam/tmplits-globalclasses": "*",
        "@loupeteam/tmplits-utilities": "*"
      }
    },
    "@loupeteam/tmplits-utilities": {
      "version": "0.0.3"
    },
    "@loupeteam/tmplits-valueupdown": {
      "version": "0.0.2",
      "requires": {
        "@loupeteam/tmplits-globalclasses": "*",
        "@loupeteam/tmplits-utilities": "*"
      }
    },
    "app": {
      "version": "1.0.0"
    },
    "bootstrap": {
      "version": "3.4.1",
      "resolved": "https://registry.npmjs.org/bootstrap/-/bootstrap-3.4.1.tgz",
      "integrity": "sha512-yN5oZVmRCwe5aKwzRj6736nSmKDX7pLYwsXiCj/EYmo16hODaBiT4En5btW/jhBF/seV+XMx3aYwukYC3A49DA=="
    },
    "handlebars": {
      "version": "4.7.8",
      "resolved": "https://registry.npmjs.org/handlebars/-/handlebars-4.7.8.tgz",
      "integrity": "sha512-vafaFqs8MZkRrSX7sFVUdo3ap/eNiLnb4IakshzvP56X5Nr1iGKAIqdX6tMlm6HcNRIkr6AxO5jFEoJzzpT8aQ==",
      "requires": {
        "minimist": "^1.2.5",
        "neo-async": "^2.6.2",
        "source-map": "^0.6.1",
        "uglify-js": "^3.1.4",
        "wordwrap": "^1.0.0"
      }
    },
    "jquery": {
      "version": "3.7.0",
      "resolved": "https://registry.npmjs.org/jquery/-/jquery-3.7.0.tgz",
      "integrity": "sha512-umpJ0/k8X0MvD1ds0P9SfowREz2LenHsQaxSohMZ5OMNEU2r0tf8pdeEFTHMFxWVxKNyU9rTtK3CWzUCTKJUeQ=="
    },
    "minimist": {
      "version": "1.2.8",
      "resolved": "https://registry.npmjs.org/minimist/-/minimist-1.2.8.tgz",
      "integrity": "sha512-2yyAR8qBkN3YuheJanUpWC5U3bb5osDywNB8RzDVlDwDHbocAJveqqj1u8+SVD7jkWT4yvsHCpWqqWqAxb0zCA=="
    },
    "neo-async": {
      "version": "2.6.2",
      "resolved": "https://registry.npmjs.org/neo-async/-/neo-async-2.6.2.tgz",
      "integrity": "sha512-Yd3UES5mWCSqR+qNT93S3UoYUkqAZ9lLg8a7g9rimsWmYGK8cVToA4/sF3RrshdyV3sAGMXVUmpMYOw+dLpOuw=="
    },
    "source-map": {
      "version": "0.6.1",
      "resolved": "https://registry.npmjs.org/source-map/-/source-map-0.6.1.tgz",
      "integrity": "sha512-UjgapumWlbMhkBgzT7Ykc5YXUT46F0iKu8SGXq0bcwP5dz/h0Plj6enJqjz1Zbq2l5WaqYnrVbwWOWMyF3F47g=="
    },
    "uglify-js": {
      "version": "3.17.4",
      "resolved": "https://registry.npmjs.org/uglify-js/-/uglify-js-3.17.4.tgz",
      "integrity": "sha512-T9q82TJI9e/C1TAxYvfb16xO120tMVFZrGA3f9/P4424DNu6ypK103y0GPFVa17yotwSyZW5iYXgjYHkGrJW/g==",
      "optional": true
    },
    "wordwrap": {
      "version": "1.0.0",
      "resolved": "https://registry.npmjs.org/wordwrap/-/wordwrap-1.0.0.tgz",
      "integrity": "sha512-gvVzJFlPycKc5dZN4yPkP8w7Dc37BtP1yczEneOb4uq34pXZcvrtRTmWV8W+Ume+XCxKgbjM+nevkyFPMybd4Q=="
    }
  }
}
